{
  "name": "amp-storybook-preact",
  "version": "0.1.0",
  "lockfileVersion": 2,
  "requires": true,
  "packages": {
    "": {
      "name": "amp-storybook-preact",
      "version": "0.1.0",
      "devDependencies": {
        "preact": "10.25.4"
      }
    },
    "node_modules/preact": {
      "version": "10.25.4",
      "resolved": "https://registry.npmjs.org/preact/-/preact-10.25.4.tgz",
      "integrity": "sha512-jLdZDb+Q+odkHJ+MpW/9U5cODzqnB+fy2EiHSZES7ldV5LK7yjlVzTp7R8Xy6W6y75kfK8iWYtFVH7lvjwrCMA==",
      "dev": true,
      "funding": {
        "type": "opencollective",
        "url": "https://opencollective.com/preact"
      }
    }
  },
  "dependencies": {
    "preact": {
      "version": "10.25.4",
      "resolved": "https://registry.npmjs.org/preact/-/preact-10.25.4.tgz",
      "integrity": "sha512-jLdZDb+Q+odkHJ+MpW/9U5cODzqnB+fy2EiHSZES7ldV5LK7yjlVzTp7R8Xy6W6y75kfK8iWYtFVH7lvjwrCMA==",
      "dev": true
    }
  }
}
