{
  "name": "core",
  "version": "1.0.0",
  "lockfileVersion": 2,
  "requires": true,
  "packages": {
    "": {
      "name": "core",
      "version": "1.0.0",
      "license": "Apache-2.0",
      "dependencies": {
        "css.escape": "1.5.1"
      }
    },
    "node_modules/css.escape": {
      "version": "1.5.1",
      "resolved": "https://registry.npmjs.org/css.escape/-/css.escape-1.5.1.tgz",
      "integrity": "sha1-QuJ9T6BK4y+TGktNQZH6nN3ul8s="
    }
  },
  "dependencies": {
    "css.escape": {
      "version": "1.5.1",
      "resolved": "https://registry.npmjs.org/css.escape/-/css.escape-1.5.1.tgz",
      "integrity": "sha1-QuJ9T6BK4y+TGktNQZH6nN3ul8s="
    }
  }
}
