{
  "name": "@ampproject/server-render",
  "version": "0.0.1",
  "lockfileVersion": 1,
  "requires": true,
  "dependencies": {
    "@types/parse5": {
      "version": "6.0.0",
      "resolved": "https://registry.npmjs.org/@types/parse5/-/parse5-6.0.0.tgz",
      "integrity": "sha512-oPwPSj4a1wu9rsXTEGIJz91ISU725t0BmSnUhb57sI+M8XEmvUop84lzuiYdq0Y5M6xLY8DBPg0C2xEQKLyvBA==",
      "dev": true
    },
    "esbuild": {
      "version": "0.12.8",
      "resolved": "https://registry.npmjs.org/esbuild/-/esbuild-0.12.8.tgz",
      "integrity": "sha512-sx/LwlP/SWTGsd9G4RlOPrXnIihAJ2xwBUmzoqe2nWwbXORMQWtAGNJNYLBJJqa3e9PWvVzxdrtyFZJcr7D87g==",
      "dev": true
    },
    "parse5": {
      "version": "6.0.1",
      "resolved": "https://registry.npmjs.org/parse5/-/parse5-6.0.1.tgz",
      "integrity": "sha512-Ofn/CTFzRGTTxwpNEs9PP93gXShHcTq255nzRYSKe8AkVpZY7e1fpmTfOyoIvjP5HG7Z2ZM7VS9PPhQGW2pOpw==",
      "dev": true
    }
  }
}
