{
  "name": "amp-validator-webui",
  "version": "0.1.0",
  "lockfileVersion": 1,
  "requires": true,
  "dependencies": {
    "@polymer/font-roboto": {
      "version": "0.0.3",
      "resolved": "https://registry.npmjs.org/@polymer/font-roboto/-/font-roboto-0.0.3.tgz",
      "integrity": "sha1-nVjttmC77S1L0p07+bIcIL3dYYc="
    },
    "@polymer/iron-a11y-announcer": {
      "version": "0.0.3",
      "resolved": "https://registry.npmjs.org/@polymer/iron-a11y-announcer/-/iron-a11y-announcer-0.0.3.tgz",
      "integrity": "sha1-EmI9tMgJ630ATu5kWO8H57VQDnE=",
      "requires": {
        "@polymer/polymer": "^1.2.5-npm-test.2"
      }
    },
    "@polymer/iron-a11y-keys-behavior": {
      "version": "0.0.3",
      "resolved": "https://registry.npmjs.org/@polymer/iron-a11y-keys-behavior/-/iron-a11y-keys-behavior-0.0.3.tgz",
      "integrity": "sha1-gqnFNdAa6UyzPZwHGppUPrwgRMA=",
      "requires": {
        "@polymer/polymer": "^1.2.5-npm-test.2"
      }
    },
    "@polymer/iron-autogrow-textarea": {
      "version": "0.0.3",
      "resolved": "https://registry.npmjs.org/@polymer/iron-autogrow-textarea/-/iron-autogrow-textarea-0.0.3.tgz",
      "integrity": "sha1-8eoURDCfMWNP5FzPz+N2uD7P0oo=",
      "requires": {
        "@polymer/iron-behaviors": "^0.0.3",
        "@polymer/iron-flex-layout": "^0.0.3",
        "@polymer/iron-form-element-behavior": "^0.0.3",
        "@polymer/iron-validatable-behavior": "^0.0.3",
        "@polymer/polymer": "^1.2.5-npm-test.2"
      }
    },
    "@polymer/iron-behaviors": {
      "version": "0.0.3",
      "resolved": "https://registry.npmjs.org/@polymer/iron-behaviors/-/iron-behaviors-0.0.3.tgz",
      "integrity": "sha1-AnSEiF3bkk+Z+oCD37qBDjnSZxs=",
      "requires": {
        "@polymer/iron-a11y-keys-behavior": "^0.0.3",
        "@polymer/polymer": "^1.2.5-npm-test.2"
      }
    },
    "@polymer/iron-checked-element-behavior": {
      "version": "0.0.3",
      "resolved": "https://registry.npmjs.org/@polymer/iron-checked-element-behavior/-/iron-checked-element-behavior-0.0.3.tgz",
      "integrity": "sha1-Hni2p2dRSVNQ1R2cqq9sD390vXo=",
      "requires": {
        "@polymer/iron-form-element-behavior": "^0.0.3",
        "@polymer/iron-validatable-behavior": "^0.0.3",
        "@polymer/polymer": "^1.2.5-npm-test.2"
      }
    },
    "@polymer/iron-collapse": {
      "version": "0.0.3",
      "resolved": "https://registry.npmjs.org/@polymer/iron-collapse/-/iron-collapse-0.0.3.tgz",
      "integrity": "sha1-fgGkrHnOIB59YrwuNNTDbwiBL8I=",
      "requires": {
        "@polymer/iron-resizable-behavior": "^0.0.3",
        "@polymer/polymer": "^1.2.5-npm-test.2"
      }
    },
    "@polymer/iron-dropdown": {
      "version": "0.0.3",
      "resolved": "https://registry.npmjs.org/@polymer/iron-dropdown/-/iron-dropdown-0.0.3.tgz",
      "integrity": "sha1-reHGe4y5NGW2I18ysXVf7BuBR7I=",
      "requires": {
        "@polymer/iron-a11y-keys-behavior": "^0.0.3",
        "@polymer/iron-behaviors": "^0.0.3",
        "@polymer/iron-overlay-behavior": "^0.0.3",
        "@polymer/iron-resizable-behavior": "^0.0.3",
        "@polymer/neon-animation": "^0.0.3",
        "@polymer/polymer": "^1.2.5-npm-test.2"
      }
    },
    "@polymer/iron-fit-behavior": {
      "version": "0.0.3",
      "resolved": "https://registry.npmjs.org/@polymer/iron-fit-behavior/-/iron-fit-behavior-0.0.3.tgz",
      "integrity": "sha1-LYA5nk+r9LdeCBxfgSJO+b+pjUw=",
      "requires": {
        "@polymer/polymer": "^1.2.5-npm-test.2"
      }
    },
    "@polymer/iron-flex-layout": {
      "version": "0.0.3",
      "resolved": "https://registry.npmjs.org/@polymer/iron-flex-layout/-/iron-flex-layout-0.0.3.tgz",
      "integrity": "sha1-t9enMrHLrf5qqVAMoG9A0CV4uvc=",
      "requires": {
        "@polymer/polymer": "^1.2.5-npm-test.2"
      }
    },
    "@polymer/iron-form-element-behavior": {
      "version": "0.0.3",
      "resolved": "https://registry.npmjs.org/@polymer/iron-form-element-behavior/-/iron-form-element-behavior-0.0.3.tgz",
      "integrity": "sha1-NWSipR2Mz92kGT2UPV/QwSxGN1k=",
      "requires": {
        "@polymer/polymer": "^1.2.5-npm-test.2"
      }
    },
    "@polymer/iron-icon": {
      "version": "0.0.3",
      "resolved": "https://registry.npmjs.org/@polymer/iron-icon/-/iron-icon-0.0.3.tgz",
      "integrity": "sha1-4bFK/tStEQbthn1k7wH+Q/m05ec=",
      "requires": {
        "@polymer/iron-flex-layout": "^0.0.3",
        "@polymer/iron-meta": "^0.0.3",
        "@polymer/polymer": "^1.2.5-npm-test.2"
      }
    },
    "@polymer/iron-icons": {
      "version": "0.0.3",
      "resolved": "https://registry.npmjs.org/@polymer/iron-icons/-/iron-icons-0.0.3.tgz",
      "integrity": "sha1-1nKrl5vc1N7YAn6N4j6MUdDH9MY=",
      "requires": {
        "@polymer/iron-icon": "^0.0.3",
        "@polymer/iron-iconset-svg": "^0.0.3",
        "@polymer/polymer": "^1.2.5-npm-test.2"
      }
    },
    "@polymer/iron-iconset-svg": {
      "version": "0.0.3",
      "resolved": "https://registry.npmjs.org/@polymer/iron-iconset-svg/-/iron-iconset-svg-0.0.3.tgz",
      "integrity": "sha1-zUz/UjP4Bh4+DTSmUYC5qSCFhgo=",
      "requires": {
        "@polymer/iron-meta": "^0.0.3",
        "@polymer/polymer": "^1.2.5-npm-test.2"
      }
    },
    "@polymer/iron-input": {
      "version": "0.0.3",
      "resolved": "https://registry.npmjs.org/@polymer/iron-input/-/iron-input-0.0.3.tgz",
      "integrity": "sha1-5ByFh7JRqlEKJvKMqSOBqxRX33k=",
      "requires": {
        "@polymer/iron-validatable-behavior": "^0.0.3",
        "@polymer/polymer": "^1.2.5-npm-test.2"
      }
    },
    "@polymer/iron-menu-behavior": {
      "version": "0.0.3",
      "resolved": "https://registry.npmjs.org/@polymer/iron-menu-behavior/-/iron-menu-behavior-0.0.3.tgz",
      "integrity": "sha1-1kkaO00clzz/2AmXSdrRcfTXNpA=",
      "requires": {
        "@polymer/iron-a11y-keys-behavior": "^0.0.3",
        "@polymer/iron-selector": "^0.0.3",
        "@polymer/polymer": "^1.2.5-npm-test.2"
      }
    },
    "@polymer/iron-meta": {
      "version": "0.0.3",
      "resolved": "https://registry.npmjs.org/@polymer/iron-meta/-/iron-meta-0.0.3.tgz",
      "integrity": "sha1-pM7IR5va7Gb/A3SaWRNvIf3gHXA=",
      "requires": {
        "@polymer/polymer": "^1.2.5-npm-test.2"
      }
    },
    "@polymer/iron-overlay-behavior": {
      "version": "0.0.3",
      "resolved": "https://registry.npmjs.org/@polymer/iron-overlay-behavior/-/iron-overlay-behavior-0.0.3.tgz",
      "integrity": "sha1-TFy7uRuSQLtvgkBAzpf2F/Xud1Y=",
      "requires": {
        "@polymer/iron-fit-behavior": "^0.0.3",
        "@polymer/iron-resizable-behavior": "^0.0.3",
        "@polymer/polymer": "^1.2.5-npm-test.2"
      }
    },
    "@polymer/iron-resizable-behavior": {
      "version": "0.0.3",
      "resolved": "https://registry.npmjs.org/@polymer/iron-resizable-behavior/-/iron-resizable-behavior-0.0.3.tgz",
      "integrity": "sha1-IFRw+EBwZUkJo2C1M7ZZmy2AY1Q=",
      "requires": {
        "@polymer/polymer": "^1.2.5-npm-test.2"
      }
    },
    "@polymer/iron-selector": {
      "version": "0.0.3",
      "resolved": "https://registry.npmjs.org/@polymer/iron-selector/-/iron-selector-0.0.3.tgz",
      "integrity": "sha1-zeC7e5hF3bP238k62hR0Jszr37k=",
      "requires": {
        "@polymer/polymer": "^1.2.5-npm-test.2"
      }
    },
    "@polymer/iron-validatable-behavior": {
      "version": "0.0.3",
      "resolved": "https://registry.npmjs.org/@polymer/iron-validatable-behavior/-/iron-validatable-behavior-0.0.3.tgz",
      "integrity": "sha1-Q4dHFz0rHTvBoIRYpV7THJtPGS8=",
      "requires": {
        "@polymer/iron-meta": "^0.0.3",
        "@polymer/polymer": "^1.2.5-npm-test.2"
      }
    },
    "@polymer/neon-animation": {
      "version": "0.0.3",
      "resolved": "https://registry.npmjs.org/@polymer/neon-animation/-/neon-animation-0.0.3.tgz",
      "integrity": "sha1-k+nuvN8CPHtC2afX9B+xk0tQCyI=",
      "requires": {
        "@polymer/iron-meta": "^0.0.3",
        "@polymer/iron-resizable-behavior": "^0.0.3",
        "@polymer/iron-selector": "^0.0.3",
        "@polymer/polymer": "^1.2.5-npm-test.2",
        "web-animations-js": "2.1.3"
      },
      "dependencies": {
        "web-animations-js": {
          "version": "2.1.3",
          "resolved": "https://registry.npmjs.org/web-animations-js/-/web-animations-js-2.1.3.tgz",
          "integrity": "sha1-+z/FakCi+4BIZjhvzxpBQmXEi0k="
        }
      }
    },
    "@polymer/paper-behaviors": {
      "version": "0.0.3",
      "resolved": "https://registry.npmjs.org/@polymer/paper-behaviors/-/paper-behaviors-0.0.3.tgz",
      "integrity": "sha1-eaObHcYsBnoXnvpwxPNOH7jemm8=",
      "requires": {
        "@polymer/iron-behaviors": "^0.0.3",
        "@polymer/iron-checked-element-behavior": "^0.0.3",
        "@polymer/paper-ripple": "^0.0.3",
        "@polymer/polymer": "^1.2.5-npm-test.2"
      }
    },
    "@polymer/paper-button": {
      "version": "0.0.3",
      "resolved": "https://registry.npmjs.org/@polymer/paper-button/-/paper-button-0.0.3.tgz",
      "integrity": "sha1-X/aIMLhnMqgQi+Alm0tnPwqMwVY=",
      "requires": {
        "@polymer/iron-flex-layout": "^0.0.3",
        "@polymer/paper-behaviors": "^0.0.3",
        "@polymer/paper-material": "^0.0.3",
        "@polymer/polymer": "^1.2.5-npm-test.2"
      }
    },
    "@polymer/paper-dropdown-menu": {
      "version": "0.0.3",
      "resolved": "https://registry.npmjs.org/@polymer/paper-dropdown-menu/-/paper-dropdown-menu-0.0.3.tgz",
      "integrity": "sha1-UfOgxTgvnujUWRBNvSHqwxaBJEw=",
      "requires": {
        "@polymer/iron-a11y-keys-behavior": "^0.0.3",
        "@polymer/iron-form-element-behavior": "^0.0.3",
        "@polymer/iron-icon": "^0.0.3",
        "@polymer/iron-icons": "^0.0.3",
        "@polymer/iron-validatable-behavior": "^0.0.3",
        "@polymer/paper-input": "^0.0.3",
        "@polymer/paper-menu-button": "^0.0.3",
        "@polymer/paper-ripple": "^0.0.3",
        "@polymer/paper-styles": "^0.0.3",
        "@polymer/polymer": "^1.2.5-npm-test.2"
      }
    },
    "@polymer/paper-input": {
      "version": "0.0.3",
      "resolved": "https://registry.npmjs.org/@polymer/paper-input/-/paper-input-0.0.3.tgz",
      "integrity": "sha1-W7PvqQY9znhYaDnErrLrbPLGGKI=",
      "requires": {
        "@polymer/iron-a11y-keys-behavior": "^0.0.3",
        "@polymer/iron-autogrow-textarea": "^0.0.3",
        "@polymer/iron-behaviors": "^0.0.3",
        "@polymer/iron-form-element-behavior": "^0.0.3",
        "@polymer/iron-input": "^0.0.3",
        "@polymer/paper-styles": "^0.0.3",
        "@polymer/polymer": "^1.2.5-npm-test.2"
      }
    },
    "@polymer/paper-item": {
      "version": "0.0.3",
      "resolved": "https://registry.npmjs.org/@polymer/paper-item/-/paper-item-0.0.3.tgz",
      "integrity": "sha1-2yDR+Qrh9qOi9TRcHaQ0V/lqgA0=",
      "requires": {
        "@polymer/iron-behaviors": "^0.0.3",
        "@polymer/iron-flex-layout": "^0.0.3",
        "@polymer/paper-styles": "^0.0.3",
        "@polymer/polymer": "^1.2.5-npm-test.2"
      }
    },
    "@polymer/paper-listbox": {
      "version": "0.0.3",
      "resolved": "https://registry.npmjs.org/@polymer/paper-listbox/-/paper-listbox-0.0.3.tgz",
      "integrity": "sha1-FFpo9BqP/rylpqjUdkDhE+D/pZE=",
      "requires": {
        "@polymer/iron-behaviors": "^0.0.3",
        "@polymer/iron-collapse": "^0.0.3",
        "@polymer/iron-menu-behavior": "^0.0.3",
        "@polymer/paper-styles": "^0.0.3",
        "@polymer/polymer": "^1.2.5-npm-test.2"
      }
    },
    "@polymer/paper-material": {
      "version": "0.0.3",
      "resolved": "https://registry.npmjs.org/@polymer/paper-material/-/paper-material-0.0.3.tgz",
      "integrity": "sha1-8V026b2nBcKWnHBWRzCmRsAsJsI=",
      "requires": {
        "@polymer/paper-styles": "^0.0.3",
        "@polymer/polymer": "^1.2.5-npm-test.2"
      }
    },
    "@polymer/paper-menu-button": {
      "version": "0.0.3",
      "resolved": "https://registry.npmjs.org/@polymer/paper-menu-button/-/paper-menu-button-0.0.3.tgz",
      "integrity": "sha1-9B1sh7ermD0YX0TEyXM+RCJi+80=",
      "requires": {
        "@polymer/iron-a11y-keys-behavior": "^0.0.3",
        "@polymer/iron-behaviors": "^0.0.3",
        "@polymer/iron-dropdown": "^0.0.3",
        "@polymer/neon-animation": "^0.0.3",
        "@polymer/paper-material": "^0.0.3",
        "@polymer/paper-styles": "^0.0.3",
        "@polymer/polymer": "^1.2.5-npm-test.2"
      }
    },
    "@polymer/paper-ripple": {
      "version": "0.0.3",
      "resolved": "https://registry.npmjs.org/@polymer/paper-ripple/-/paper-ripple-0.0.3.tgz",
      "integrity": "sha1-K3IpR6hSglIzlnYGzV/PWQ632Ck=",
      "requires": {
        "@polymer/iron-a11y-keys-behavior": "^0.0.3",
        "@polymer/polymer": "^1.2.5-npm-test.2"
      }
    },
    "@polymer/paper-styles": {
      "version": "0.0.3",
      "resolved": "https://registry.npmjs.org/@polymer/paper-styles/-/paper-styles-0.0.3.tgz",
      "integrity": "sha1-uEZqBHgH1vxjwk+nG0hsl1zHU3k=",
      "requires": {
        "@polymer/font-roboto": "^0.0.3",
        "@polymer/iron-flex-layout": "^0.0.3",
        "@polymer/polymer": "^1.2.5-npm-test.2"
      }
    },
    "@polymer/paper-toast": {
      "version": "0.0.3",
      "resolved": "https://registry.npmjs.org/@polymer/paper-toast/-/paper-toast-0.0.3.tgz",
      "integrity": "sha1-iNvLbyjNPc6dTshq58MaXkZmLvg=",
      "requires": {
        "@polymer/iron-a11y-announcer": "^0.0.3",
        "@polymer/iron-overlay-behavior": "^0.0.3",
        "@polymer/polymer": "^1.2.5-npm-test.2"
      }
    },
    "@polymer/paper-toolbar": {
      "version": "0.0.3",
      "resolved": "https://registry.npmjs.org/@polymer/paper-toolbar/-/paper-toolbar-0.0.3.tgz",
      "integrity": "sha1-1if7S0s/Vybz+dEyyhGBwuv2z9U=",
      "requires": {
        "@polymer/iron-flex-layout": "^0.0.3",
        "@polymer/paper-styles": "^0.0.3",
        "@polymer/polymer": "^1.2.5-npm-test.2"
      }
    },
    "@polymer/polymer": {
      "version": "1.2.5-npm-test.2",
      "resolved": "https://registry.npmjs.org/@polymer/polymer/-/polymer-1.2.5-npm-test.2.tgz",
      "integrity": "sha1-eTD1ZjwvaGkVRR0hHmY6qZl9czY=",
      "requires": {
        "webcomponents.js": "^0.7.20"
      }
    },
    "@types/clone": {
      "version": "0.1.30",
      "resolved": "https://registry.npmjs.org/@types/clone/-/clone-0.1.30.tgz",
      "integrity": "sha1-5zZWSMG0ITalnH1QQGN7O1yDthQ="
    },
    "@types/node": {
      "version": "4.9.4",
      "resolved": "https://registry.npmjs.org/@types/node/-/node-4.9.4.tgz",
      "integrity": "sha512-nKoiCZ87x6+fs26bNHjy07AQt6f46nFEitGH0P9JmWbY6tEyum6LLfLf7SIsKFh4DnBWsyUM2gYhaQAt+aA0Sw=="
    },
    "@types/parse5": {
      "version": "0.0.31",
      "resolved": "https://registry.npmjs.org/@types/parse5/-/parse5-0.0.31.tgz",
      "integrity": "sha1-6Cekk6RDsVbhtYKi5MO9wAQPLuc=",
      "requires": {
        "@types/node": "6.0.*"
      },
      "dependencies": {
        "@types/node": {
          "version": "6.0.118",
          "resolved": "https://registry.npmjs.org/@types/node/-/node-6.0.118.tgz",
          "integrity": "sha512-N33cKXGSqhOYaPiT4xUGsYlPPDwFtQM/6QxJxuMXA/7BcySW+lkn2yigWP7vfs4daiL/7NJNU6DMCqg5N4B+xQ=="
        }
      }
    },
    "abbrev": {
      "version": "1.1.1",
      "resolved": "https://registry.npmjs.org/abbrev/-/abbrev-1.1.1.tgz",
      "integrity": "sha512-nne9/IiQ/hzIhY6pdDnbBtz7DjPTKrY00P/zvPSm5pOFkl6xuGrGnXn/VtTNNfNtAfZ9/1RtehkszU9qcTii0Q=="
    },
    "acorn": {
      "version": "3.3.0",
      "resolved": "https://registry.npmjs.org/acorn/-/acorn-3.3.0.tgz",
      "integrity": "sha1-ReN/s56No/JbruP/U2niu18iAXo="
    },
    "acorn-jsx": {
      "version": "3.0.1",
      "resolved": "https://registry.npmjs.org/acorn-jsx/-/acorn-jsx-3.0.1.tgz",
      "integrity": "sha1-r9+UiPsezvyDSPb7IvRk4ypYs2s=",
      "requires": {
        "acorn": "^3.0.4"
      }
    },
    "ansi-regex": {
      "version": "2.1.1",
      "resolved": "https://registry.npmjs.org/ansi-regex/-/ansi-regex-2.1.1.tgz",
      "integrity": "sha1-w7M6te42DYbg5ijwRorn7yfWVN8=",
      "optional": true
    },
    "ansi-styles": {
      "version": "2.2.1",
      "resolved": "https://registry.npmjs.org/ansi-styles/-/ansi-styles-2.2.1.tgz",
      "integrity": "sha1-tDLdM1i2NM914eRmQ2gkBTPB3b4=",
      "optional": true
    },
    "babel-polyfill": {
      "version": "6.26.0",
      "resolved": "https://registry.npmjs.org/babel-polyfill/-/babel-polyfill-6.26.0.tgz",
      "integrity": "sha1-N5k3q8Z9eJWXCtxiHyhM2WbPIVM=",
      "requires": {
        "babel-runtime": "^6.26.0",
        "core-js": "^2.5.0",
        "regenerator-runtime": "^0.10.5"
      }
    },
    "babel-runtime": {
      "version": "6.26.0",
      "resolved": "https://registry.npmjs.org/babel-runtime/-/babel-runtime-6.26.0.tgz",
      "integrity": "sha1-llxwWGaOgrVde/4E/yM3vItWR/4=",
      "requires": {
        "core-js": "^2.4.0",
        "regenerator-runtime": "^0.11.0"
      },
      "dependencies": {
        "regenerator-runtime": {
          "version": "0.11.1",
          "resolved": "https://registry.npmjs.org/regenerator-runtime/-/regenerator-runtime-0.11.1.tgz",
          "integrity": "sha512-MguG95oij0fC3QV3URf4V2SDYGJhJnJGqvIIgdECeODCT98wSWDAJ94SSuVpYQUoTcGUIL6L4yNB7j1DFFHSBg=="
        }
      }
    },
    "boxen": {
      "version": "0.3.1",
      "resolved": "https://registry.npmjs.org/boxen/-/boxen-0.3.1.tgz",
      "integrity": "sha1-p9iYJDrmIvertrtgTXQKdsalRhs=",
      "optional": true,
      "requires": {
        "chalk": "^1.1.1",
        "filled-array": "^1.0.0",
        "object-assign": "^4.0.1",
        "repeating": "^2.0.0",
        "string-width": "^1.0.1",
        "widest-line": "^1.0.0"
      }
    },
    "capture-stack-trace": {
      "version": "1.0.1",
      "resolved": "https://registry.npmjs.org/capture-stack-trace/-/capture-stack-trace-1.0.1.tgz",
      "integrity": "sha512-mYQLZnx5Qt1JgB1WEiMCf2647plpGeQ2NMR/5L0HNZzGQo4fuSPnK+wjfPnKZV0aiJDgzmWqqkV/g7JD+DW0qw==",
      "optional": true
    },
    "chalk": {
      "version": "1.1.3",
      "resolved": "https://registry.npmjs.org/chalk/-/chalk-1.1.3.tgz",
      "integrity": "sha1-qBFcVeSnAv5NFQq9OHKCKn4J/Jg=",
      "optional": true,
      "requires": {
        "ansi-styles": "^2.2.1",
        "escape-string-regexp": "^1.0.2",
        "has-ansi": "^2.0.0",
        "strip-ansi": "^3.0.0",
        "supports-color": "^2.0.0"
      }
    },
    "clone": {
      "version": "1.0.4",
      "resolved": "https://registry.npmjs.org/clone/-/clone-1.0.4.tgz",
      "integrity": "sha1-2jCcwmPfFZlMaIypAheco8fNfH4="
    },
    "code-point-at": {
      "version": "1.1.0",
      "resolved": "https://registry.npmjs.org/code-point-at/-/code-point-at-1.1.0.tgz",
      "integrity": "sha1-DQcLTQQ6W+ozovGkDi7bPZpMz3c=",
      "optional": true
    },
    "codemirror": {
      "version": "5.15.2",
      "resolved": "https://registry.npmjs.org/codemirror/-/codemirror-5.15.2.tgz",
      "integrity": "sha1-WLPccyxtENeq6Ab0x83VapuH/o8="
    },
    "configstore": {
      "version": "2.1.0",
      "resolved": "https://registry.npmjs.org/configstore/-/configstore-2.1.0.tgz",
      "integrity": "sha1-c3o6cDbpiGECqmCZ5HuzOrGroaE=",
      "optional": true,
      "requires": {
        "dot-prop": "^3.0.0",
        "graceful-fs": "^4.1.2",
        "mkdirp": "^0.5.0",
        "object-assign": "^4.0.1",
        "os-tmpdir": "^1.0.0",
        "osenv": "^0.1.0",
        "uuid": "^2.0.1",
        "write-file-atomic": "^1.1.2",
        "xdg-basedir": "^2.0.0"
      }
    },
    "core-js": {
      "version": "2.6.11",
      "resolved": "https://registry.npmjs.org/core-js/-/core-js-2.6.11.tgz",
      "integrity": "sha512-5wjnpaT/3dV+XB4borEsnAYQchn00XSgTAWKDkEqv+K8KevjbzmofK6hfJ9TZIlpj2N0xQpazy7PiRQiWHqzWg=="
    },
    "core-util-is": {
      "version": "1.0.2",
      "resolved": "https://registry.npmjs.org/core-util-is/-/core-util-is-1.0.2.tgz",
      "integrity": "sha1-tf1UIgqivFq1eqtxQMlAdUUDwac=",
      "optional": true
    },
    "create-error-class": {
      "version": "3.0.2",
      "resolved": "https://registry.npmjs.org/create-error-class/-/create-error-class-3.0.2.tgz",
      "integrity": "sha1-Br56vvlHo/FKMP1hBnHUAbyot7Y=",
      "optional": true,
      "requires": {
        "capture-stack-trace": "^1.0.0"
      }
    },
    "deep-extend": {
      "version": "0.6.0",
      "resolved": "https://registry.npmjs.org/deep-extend/-/deep-extend-0.6.0.tgz",
      "integrity": "sha512-LOHxIOaPYdHlJRtCQfDIVZtfw/ufM8+rVj649RIHzcm/vGwQRXFt6OPqIFWsm2XEMrNIEtWR64sY1LEKD2vAOA==",
      "optional": true
    },
    "deep-is": {
      "version": "0.1.3",
      "resolved": "https://registry.npmjs.org/deep-is/-/deep-is-0.1.3.tgz",
      "integrity": "sha1-s2nW+128E+7PUk+RsHD+7cNXzzQ="
    },
    "doctrine": {
      "version": "0.7.2",
      "resolved": "https://registry.npmjs.org/doctrine/-/doctrine-0.7.2.tgz",
      "integrity": "sha1-fLhgNZujvpDgQLJrcpzkv6ZUxSM=",
      "requires": {
        "esutils": "^1.1.6",
        "isarray": "0.0.1"
      }
    },
    "dom5": {
      "version": "1.3.6",
      "resolved": "https://registry.npmjs.org/dom5/-/dom5-1.3.6.tgz",
      "integrity": "sha1-pwiKn8XzsI3J9u2kx6uuskGUXg0=",
      "requires": {
        "@types/clone": "^0.1.29",
        "@types/node": "^4.0.30",
        "@types/parse5": "^0.0.31",
        "clone": "^1.0.2",
        "parse5": "^1.4.1"
      }
    },
    "dot-prop": {
      "version": "3.0.0",
      "resolved": "https://registry.npmjs.org/dot-prop/-/dot-prop-3.0.0.tgz",
      "integrity": "sha1-G3CK8JSknJoOfbyteQq6U52sEXc=",
      "optional": true,
      "requires": {
        "is-obj": "^1.0.0"
      }
    },
    "duplexer2": {
      "version": "0.1.4",
      "resolved": "https://registry.npmjs.org/duplexer2/-/duplexer2-0.1.4.tgz",
      "integrity": "sha1-ixLauHjA1p4+eJEFFmKjL8a93ME=",
      "optional": true,
      "requires": {
        "readable-stream": "^2.0.2"
      }
    },
    "error-ex": {
      "version": "1.3.2",
      "resolved": "https://registry.npmjs.org/error-ex/-/error-ex-1.3.2.tgz",
      "integrity": "sha512-7dFHNmqeFSEt2ZBsCriorKnn3Z2pj+fd9kmI6QoWw4//DL+icEBfc0U7qJCisqrTsKTjw4fNFy2pW9OqStD84g==",
      "optional": true,
      "requires": {
        "is-arrayish": "^0.2.1"
      }
    },
    "es6-promise": {
      "version": "2.3.0",
      "resolved": "https://registry.npmjs.org/es6-promise/-/es6-promise-2.3.0.tgz",
      "integrity": "sha1-lu258v2wGZWCKyY92KratnSBgbw="
    },
    "escape-string-regexp": {
      "version": "1.0.5",
      "resolved": "https://registry.npmjs.org/escape-string-regexp/-/escape-string-regexp-1.0.5.tgz",
      "integrity": "sha1-G2HAViGQqN/2rjuyzwIAyhMLhtQ=",
      "optional": true
    },
    "escodegen": {
      "version": "1.14.3",
      "resolved": "https://registry.npmjs.org/escodegen/-/escodegen-1.14.3.tgz",
      "integrity": "sha512-qFcX0XJkdg+PB3xjZZG/wKSuT1PnQWx57+TVSjIMmILd2yC/6ByYElPwJnslDsuWuSAp4AwJGumarAAmJch5Kw==",
      "requires": {
        "esprima": "^4.0.1",
        "estraverse": "^4.2.0",
        "esutils": "^2.0.2",
        "optionator": "^0.8.1",
        "source-map": "~0.6.1"
      },
      "dependencies": {
        "estraverse": {
          "version": "4.3.0",
          "resolved": "https://registry.npmjs.org/estraverse/-/estraverse-4.3.0.tgz",
          "integrity": "sha512-39nnKffWz8xN1BU/2c79n9nB9HDzo0niYUqx6xyqUnyoAnQyyWpOTdZEeiCch8BBu515t4wp9ZmgVfVhn9EBpw=="
        },
        "esutils": {
          "version": "2.0.3",
          "resolved": "https://registry.npmjs.org/esutils/-/esutils-2.0.3.tgz",
          "integrity": "sha512-kVscqXk4OCp68SZ0dkgEKVi6/8ij300KBWTJq32P/dYeWTSwK41WyTxalN1eRmA5Z9UU/LX9D7FWSmV9SAYx6g=="
        }
      }
    },
    "espree": {
      "version": "3.5.4",
      "resolved": "https://registry.npmjs.org/espree/-/espree-3.5.4.tgz",
      "integrity": "sha512-yAcIQxtmMiB/jL32dzEp2enBeidsB7xWPLNiw3IIkpVds1P+h7qF9YwJq1yUNzp2OKXgAprs4F61ih66UsoD1A==",
      "requires": {
        "acorn": "^5.5.0",
        "acorn-jsx": "^3.0.0"
      },
      "dependencies": {
        "acorn": {
          "version": "5.7.4",
          "resolved": "https://registry.npmjs.org/acorn/-/acorn-5.7.4.tgz",
          "integrity": "sha512-1D++VG7BhrtvQpNbBzovKNc1FLGGEE/oGe7b9xJm/RFHMBeUaUGpluV9RLjZa47YFdPcDAenEYuq9pQPcMdLJg=="
        }
      }
    },
    "esprima": {
      "version": "4.0.1",
      "resolved": "https://registry.npmjs.org/esprima/-/esprima-4.0.1.tgz",
      "integrity": "sha512-eGuFFw7Upda+g4p+QHvnW0RyTX/SVeJBDM/gCtMARO0cLuT2HcEKnTPvhjV6aGeqrCB/sbNop0Kszm0jsaWU4A=="
    },
    "estraverse": {
      "version": "3.1.0",
      "resolved": "https://registry.npmjs.org/estraverse/-/estraverse-3.1.0.tgz",
      "integrity": "sha1-FeKKRGuLgrxwDMyLlseK9NoNbLo="
    },
    "esutils": {
      "version": "1.1.6",
      "resolved": "https://registry.npmjs.org/esutils/-/esutils-1.1.6.tgz",
      "integrity": "sha1-wBzKqa5LiXxtDD4hCuUvPHqEQ3U="
    },
    "fast-levenshtein": {
      "version": "2.0.6",
      "resolved": "https://registry.npmjs.org/fast-levenshtein/-/fast-levenshtein-2.0.6.tgz",
      "integrity": "sha1-PYpcZog6FqMMqGQ+hR8Zuqd5eRc="
    },
    "filled-array": {
      "version": "1.1.0",
      "resolved": "https://registry.npmjs.org/filled-array/-/filled-array-1.1.0.tgz",
      "integrity": "sha1-w8T2xmO5I0WamqKZEtLQMfFQf4Q=",
      "optional": true
    },
    "got": {
      "version": "5.7.1",
      "resolved": "https://registry.npmjs.org/got/-/got-5.7.1.tgz",
      "integrity": "sha1-X4FjWmHkplifGAVp6k44FoClHzU=",
      "optional": true,
      "requires": {
        "create-error-class": "^3.0.1",
        "duplexer2": "^0.1.4",
        "is-redirect": "^1.0.0",
        "is-retry-allowed": "^1.0.0",
        "is-stream": "^1.0.0",
        "lowercase-keys": "^1.0.0",
        "node-status-codes": "^1.0.0",
        "object-assign": "^4.0.1",
        "parse-json": "^2.1.0",
        "pinkie-promise": "^2.0.0",
        "read-all-stream": "^3.0.0",
        "readable-stream": "^2.0.5",
        "timed-out": "^3.0.0",
        "unzip-response": "^1.0.2",
        "url-parse-lax": "^1.0.0"
      }
    },
    "graceful-fs": {
      "version": "4.2.4",
      "resolved": "https://registry.npmjs.org/graceful-fs/-/graceful-fs-4.2.4.tgz",
      "integrity": "sha512-WjKPNJF79dtJAVniUlGGWHYGz2jWxT6VhN/4m1NdkbZ2nOsEF+cI1Edgql5zCRhs/VsQYRvrXctxktVXZUkixw==",
      "optional": true
    },
    "has-ansi": {
      "version": "2.0.0",
      "resolved": "https://registry.npmjs.org/has-ansi/-/has-ansi-2.0.0.tgz",
      "integrity": "sha1-NPUEnOHs3ysGSa8+8k5F7TVBbZE=",
      "optional": true,
      "requires": {
        "ansi-regex": "^2.0.0"
      }
    },
    "hydrolysis": {
      "version": "1.25.0",
      "resolved": "https://registry.npmjs.org/hydrolysis/-/hydrolysis-1.25.0.tgz",
      "integrity": "sha1-pPsUo3oeA7DbUtiqpXxoInKhTYQ=",
      "requires": {
        "acorn": "^3.2.0",
        "babel-polyfill": "^6.2.0",
        "doctrine": "^0.7.0",
        "dom5": "1.1.0",
        "escodegen": "^1.7.0",
        "espree": "^3.1.3",
        "estraverse": "^3.1.0",
        "path-is-absolute": "^1.0.0"
      },
      "dependencies": {
        "dom5": {
          "version": "1.1.0",
          "resolved": "https://registry.npmjs.org/dom5/-/dom5-1.1.0.tgz",
          "integrity": "sha1-Ogx3AMCDq0xNJpOKeLDwxtzDd5Q=",
          "requires": {
            "parse5": "^1.4.1"
          }
        }
      }
    },
    "imurmurhash": {
      "version": "0.1.4",
      "resolved": "https://registry.npmjs.org/imurmurhash/-/imurmurhash-0.1.4.tgz",
      "integrity": "sha1-khi5srkoojixPcT7a21XbyMUU+o=",
      "optional": true
    },
    "inherits": {
      "version": "2.0.4",
      "resolved": "https://registry.npmjs.org/inherits/-/inherits-2.0.4.tgz",
      "integrity": "sha512-k/vGaX4/Yla3WzyMCvTQOXYeIHvqOKtnqBduzTHpzpQZzAskKMhZ2K+EnBiSM9zGSoIFeMpXKxa4dYeZIQqewQ==",
      "optional": true
    },
    "ini": {
      "version": "1.3.5",
      "resolved": "https://registry.npmjs.org/ini/-/ini-1.3.5.tgz",
      "integrity": "sha512-RZY5huIKCMRWDUqZlEi72f/lmXKMvuszcMBduliQ3nnWbx9X/ZBQO7DijMEYS9EhHBb2qacRUMtC7svLwe0lcw==",
      "optional": true
    },
    "is-arrayish": {
      "version": "0.2.1",
      "resolved": "https://registry.npmjs.org/is-arrayish/-/is-arrayish-0.2.1.tgz",
      "integrity": "sha1-d8mYQFJ6qOyxqLppe4BkWnqSap0=",
      "optional": true
    },
    "is-finite": {
      "version": "1.1.0",
      "resolved": "https://registry.npmjs.org/is-finite/-/is-finite-1.1.0.tgz",
      "integrity": "sha512-cdyMtqX/BOqqNBBiKlIVkytNHm49MtMlYyn1zxzvJKWmFMlGzm+ry5BBfYyeY9YmNKbRSo/o7OX9w9ale0wg3w==",
      "optional": true
    },
    "is-fullwidth-code-point": {
      "version": "1.0.0",
      "resolved": "https://registry.npmjs.org/is-fullwidth-code-point/-/is-fullwidth-code-point-1.0.0.tgz",
      "integrity": "sha1-754xOG8DGn8NZDr4L95QxFfvAMs=",
      "optional": true,
      "requires": {
        "number-is-nan": "^1.0.0"
      }
    },
    "is-npm": {
      "version": "1.0.0",
      "resolved": "https://registry.npmjs.org/is-npm/-/is-npm-1.0.0.tgz",
      "integrity": "sha1-8vtjpl5JBbQGyGBydloaTceTufQ=",
      "optional": true
    },
    "is-obj": {
      "version": "1.0.1",
      "resolved": "https://registry.npmjs.org/is-obj/-/is-obj-1.0.1.tgz",
      "integrity": "sha1-PkcprB9f3gJc19g6iW2rn09n2w8=",
      "optional": true
    },
    "is-redirect": {
      "version": "1.0.0",
      "resolved": "https://registry.npmjs.org/is-redirect/-/is-redirect-1.0.0.tgz",
      "integrity": "sha1-HQPd7VO9jbDzDCbk+V02/HyH3CQ=",
      "optional": true
    },
    "is-retry-allowed": {
      "version": "1.2.0",
      "resolved": "https://registry.npmjs.org/is-retry-allowed/-/is-retry-allowed-1.2.0.tgz",
      "integrity": "sha512-RUbUeKwvm3XG2VYamhJL1xFktgjvPzL0Hq8C+6yrWIswDy3BIXGqCxhxkc30N9jqK311gVU137K8Ei55/zVJRg==",
      "optional": true
    },
    "is-stream": {
      "version": "1.1.0",
      "resolved": "https://registry.npmjs.org/is-stream/-/is-stream-1.1.0.tgz",
      "integrity": "sha1-EtSj3U5o4Lec6428hBc66A2RykQ=",
      "optional": true
    },
    "isarray": {
      "version": "0.0.1",
      "resolved": "https://registry.npmjs.org/isarray/-/isarray-0.0.1.tgz",
      "integrity": "sha1-ihis/Kmo9Bd+Cav8YDiTmwXR7t8="
    },
    "latest-version": {
      "version": "2.0.0",
      "resolved": "https://registry.npmjs.org/latest-version/-/latest-version-2.0.0.tgz",
      "integrity": "sha1-VvjWE5YghHuAF/jx9NeOIRMkFos=",
      "optional": true,
      "requires": {
        "package-json": "^2.0.0"
      }
    },
    "levn": {
      "version": "0.3.0",
      "resolved": "https://registry.npmjs.org/levn/-/levn-0.3.0.tgz",
      "integrity": "sha1-OwmSTt+fCDwEkP3UwLxEIeBHZO4=",
      "requires": {
        "prelude-ls": "~1.1.2",
        "type-check": "~0.3.2"
      }
    },
    "lowercase-keys": {
      "version": "1.0.1",
      "resolved": "https://registry.npmjs.org/lowercase-keys/-/lowercase-keys-1.0.1.tgz",
      "integrity": "sha512-G2Lj61tXDnVFFOi8VZds+SoQjtQC3dgokKdDG2mTm1tx4m50NUHBOZSBwQQHyy0V12A0JTG4icfZQH+xPyh8VA==",
      "optional": true
    },
    "minimist": {
      "version": "1.2.5",
      "resolved": "https://registry.npmjs.org/minimist/-/minimist-1.2.5.tgz",
      "integrity": "sha512-FM9nNUYrRBAELZQT3xeZQ7fmMOBg6nWNmJKTcgsJeaLstP/UODVpGsr5OhXhhXg6f+qtJ8uiZ+PUxkDWcgIXLw==",
      "optional": true
    },
    "mkdirp": {
      "version": "0.5.5",
      "resolved": "https://registry.npmjs.org/mkdirp/-/mkdirp-0.5.5.tgz",
      "integrity": "sha512-NKmAlESf6jMGym1++R0Ra7wvhV+wFW63FaSOFPwRahvea0gMUcGUhVeAg/0BC0wiv9ih5NYPB1Wn1UEI1/L+xQ==",
      "optional": true,
      "requires": {
        "minimist": "^1.2.5"
      }
    },
    "node-status-codes": {
      "version": "1.0.0",
      "resolved": "https://registry.npmjs.org/node-status-codes/-/node-status-codes-1.0.0.tgz",
      "integrity": "sha1-WuVUHQJGRdMqWPzdyc7s6nrjrC8=",
      "optional": true
    },
    "nopt": {
      "version": "3.0.6",
      "resolved": "https://registry.npmjs.org/nopt/-/nopt-3.0.6.tgz",
      "integrity": "sha1-xkZdvwirzU2zWTF/eaxopkayj/k=",
      "requires": {
        "abbrev": "1"
      }
    },
    "number-is-nan": {
      "version": "1.0.1",
      "resolved": "https://registry.npmjs.org/number-is-nan/-/number-is-nan-1.0.1.tgz",
      "integrity": "sha1-CXtgK1NCKlIsGvuHkDGDNpQaAR0=",
      "optional": true
    },
    "object-assign": {
      "version": "4.1.1",
      "resolved": "https://registry.npmjs.org/object-assign/-/object-assign-4.1.1.tgz",
      "integrity": "sha1-IQmtx5ZYh8/AXLvUQsrIv7s2CGM=",
      "optional": true
    },
    "optionator": {
      "version": "0.8.3",
      "resolved": "https://registry.npmjs.org/optionator/-/optionator-0.8.3.tgz",
      "integrity": "sha512-+IW9pACdk3XWmmTXG8m3upGUJst5XRGzxMRjXzAuJ1XnIFNvfhjjIuYkDvysnPQ7qzqVzLt78BCruntqRhWQbA==",
      "requires": {
        "deep-is": "~0.1.3",
        "fast-levenshtein": "~2.0.6",
        "levn": "~0.3.0",
        "prelude-ls": "~1.1.2",
        "type-check": "~0.3.2",
        "word-wrap": "~1.2.3"
      }
    },
    "os-homedir": {
      "version": "1.0.2",
      "resolved": "https://registry.npmjs.org/os-homedir/-/os-homedir-1.0.2.tgz",
      "integrity": "sha1-/7xJiDNuDoM94MFox+8VISGqf7M=",
      "optional": true
    },
    "os-tmpdir": {
      "version": "1.0.2",
      "resolved": "https://registry.npmjs.org/os-tmpdir/-/os-tmpdir-1.0.2.tgz",
      "integrity": "sha1-u+Z0BseaqFxc/sdm/lc0VV36EnQ=",
      "optional": true
    },
    "osenv": {
      "version": "0.1.5",
      "resolved": "https://registry.npmjs.org/osenv/-/osenv-0.1.5.tgz",
      "integrity": "sha512-0CWcCECdMVc2Rw3U5w9ZjqX6ga6ubk1xDVKxtBQPK7wis/0F2r9T6k4ydGYhecl7YUBxBVxhL5oisPsNxAPe2g==",
      "optional": true,
      "requires": {
        "os-homedir": "^1.0.0",
        "os-tmpdir": "^1.0.0"
      }
    },
    "package-json": {
      "version": "2.4.0",
      "resolved": "https://registry.npmjs.org/package-json/-/package-json-2.4.0.tgz",
      "integrity": "sha1-DRW9Z9HLvduyyiIv8u24a8sxqLs=",
      "optional": true,
      "requires": {
        "got": "^5.0.0",
        "registry-auth-token": "^3.0.1",
        "registry-url": "^3.0.3",
        "semver": "^5.1.0"
      }
    },
    "parse-json": {
      "version": "2.2.0",
      "resolved": "https://registry.npmjs.org/parse-json/-/parse-json-2.2.0.tgz",
      "integrity": "sha1-9ID0BDTvgHQfhGkJn43qGPVaTck=",
      "optional": true,
      "requires": {
        "error-ex": "^1.2.0"
      }
    },
    "parse5": {
      "version": "1.5.1",
      "resolved": "https://registry.npmjs.org/parse5/-/parse5-1.5.1.tgz",
      "integrity": "sha1-m387DeMr543CQBsXVzzK8Pb1nZQ="
    },
    "path-is-absolute": {
      "version": "1.0.1",
      "resolved": "https://registry.npmjs.org/path-is-absolute/-/path-is-absolute-1.0.1.tgz",
      "integrity": "sha1-F0uSaHNVNP+8es5r9TpanhtcX18="
    },
    "path-posix": {
      "version": "1.0.0",
      "resolved": "https://registry.npmjs.org/path-posix/-/path-posix-1.0.0.tgz",
      "integrity": "sha1-BrJhE/Vr6rBCVFojv6iAA8ysJg8="
    },
    "pinkie": {
      "version": "2.0.4",
      "resolved": "https://registry.npmjs.org/pinkie/-/pinkie-2.0.4.tgz",
      "integrity": "sha1-clVrgM+g1IqXToDnckjoDtT3+HA=",
      "optional": true
    },
    "pinkie-promise": {
      "version": "2.0.1",
      "resolved": "https://registry.npmjs.org/pinkie-promise/-/pinkie-promise-2.0.1.tgz",
      "integrity": "sha1-ITXW36ejWMBprJsXh3YogihFD/o=",
      "optional": true,
      "requires": {
        "pinkie": "^2.0.0"
      }
    },
    "prelude-ls": {
      "version": "1.1.2",
      "resolved": "https://registry.npmjs.org/prelude-ls/-/prelude-ls-1.1.2.tgz",
      "integrity": "sha1-IZMqVJ9eUv/ZqCf1cOBL5iqX2lQ="
    },
    "prepend-http": {
      "version": "1.0.4",
      "resolved": "https://registry.npmjs.org/prepend-http/-/prepend-http-1.0.4.tgz",
      "integrity": "sha1-1PRWKwzjaW5BrFLQ4ALlemNdxtw=",
      "optional": true
    },
    "process-nextick-args": {
      "version": "2.0.1",
      "resolved": "https://registry.npmjs.org/process-nextick-args/-/process-nextick-args-2.0.1.tgz",
      "integrity": "sha512-3ouUOpQhtgrbOa17J7+uxOTpITYWaGP7/AhoR3+A+/1e9skrzelGi/dXzEYyvbxubEF6Wn2ypscTKiKJFFn1ag==",
      "optional": true
    },
    "rc": {
      "version": "1.2.8",
      "resolved": "https://registry.npmjs.org/rc/-/rc-1.2.8.tgz",
      "integrity": "sha512-y3bGgqKj3QBdxLbLkomlohkvsA8gdAiUQlSBJnBhfn+BPxg4bc62d8TcBW15wavDfgexCgccckhcZvywyQYPOw==",
      "optional": true,
      "requires": {
        "deep-extend": "^0.6.0",
        "ini": "~1.3.0",
        "minimist": "^1.2.0",
        "strip-json-comments": "~2.0.1"
      }
    },
    "read-all-stream": {
      "version": "3.1.0",
      "resolved": "https://registry.npmjs.org/read-all-stream/-/read-all-stream-3.1.0.tgz",
      "integrity": "sha1-NcPhd/IHjveJ7kv6+kNzB06u9Po=",
      "optional": true,
      "requires": {
        "pinkie-promise": "^2.0.0",
        "readable-stream": "^2.0.0"
      }
    },
    "readable-stream": {
      "version": "2.3.7",
      "resolved": "https://registry.npmjs.org/readable-stream/-/readable-stream-2.3.7.tgz",
      "integrity": "sha512-Ebho8K4jIbHAxnuxi7o42OrZgF/ZTNcsZj6nRKyUmkhLFq8CHItp/fy6hQZuZmP/n3yZ9VBUbp4zz/mX8hmYPw==",
      "optional": true,
      "requires": {
        "core-util-is": "~1.0.0",
        "inherits": "~2.0.3",
        "isarray": "~1.0.0",
        "process-nextick-args": "~2.0.0",
        "safe-buffer": "~5.1.1",
        "string_decoder": "~1.1.1",
        "util-deprecate": "~1.0.1"
      },
      "dependencies": {
        "isarray": {
          "version": "1.0.0",
          "resolved": "https://registry.npmjs.org/isarray/-/isarray-1.0.0.tgz",
          "integrity": "sha1-u5NdSFgsuhaMBoNJV6VKPgcSTxE=",
          "optional": true
        }
      }
    },
    "regenerator-runtime": {
      "version": "0.10.5",
      "resolved": "https://registry.npmjs.org/regenerator-runtime/-/regenerator-runtime-0.10.5.tgz",
      "integrity": "sha1-M2w+/BIgrc7dosn6tntaeVWjNlg="
    },
    "registry-auth-token": {
      "version": "3.4.0",
      "resolved": "https://registry.npmjs.org/registry-auth-token/-/registry-auth-token-3.4.0.tgz",
      "integrity": "sha512-4LM6Fw8eBQdwMYcES4yTnn2TqIasbXuwDx3um+QRs7S55aMKCBKBxvPXl2RiUjHwuJLTyYfxSpmfSAjQpcuP+A==",
      "optional": true,
      "requires": {
        "rc": "^1.1.6",
        "safe-buffer": "^5.0.1"
      }
    },
    "registry-url": {
      "version": "3.1.0",
      "resolved": "https://registry.npmjs.org/registry-url/-/registry-url-3.1.0.tgz",
      "integrity": "sha1-PU74cPc93h138M+aOBQyRE4XSUI=",
      "optional": true,
      "requires": {
        "rc": "^1.0.1"
      }
    },
    "repeating": {
      "version": "2.0.1",
      "resolved": "https://registry.npmjs.org/repeating/-/repeating-2.0.1.tgz",
      "integrity": "sha1-UhTFOpJtNVJwdSf7q0FdvAjQbdo=",
      "optional": true,
      "requires": {
        "is-finite": "^1.0.0"
      }
    },
    "safe-buffer": {
      "version": "5.1.2",
      "resolved": "https://registry.npmjs.org/safe-buffer/-/safe-buffer-5.1.2.tgz",
      "integrity": "sha512-Gd2UZBJDkXlY7GbJxfsE8/nvKkUEU1G38c1siN6QP6a9PT9MmHB8GnpscSmMJSoF8LOIrt8ud/wPtojys4G6+g==",
      "optional": true
    },
    "semver": {
      "version": "5.7.1",
      "resolved": "https://registry.npmjs.org/semver/-/semver-5.7.1.tgz",
      "integrity": "sha512-sauaDf/PZdVgrLTNYHRtpXa1iRiKcaebiKQ1BJdpQlWH2lCvexQdX55snPFyK7QzpudqbCI0qXFfOasHdyNDGQ==",
      "optional": true
    },
    "semver-diff": {
      "version": "2.1.0",
      "resolved": "https://registry.npmjs.org/semver-diff/-/semver-diff-2.1.0.tgz",
      "integrity": "sha1-S7uEN8jTfksM8aaP1ybsbWRdbTY=",
      "optional": true,
      "requires": {
        "semver": "^5.0.3"
      }
    },
    "slide": {
      "version": "1.1.6",
      "resolved": "https://registry.npmjs.org/slide/-/slide-1.1.6.tgz",
      "integrity": "sha1-VusCfWW00tzmyy4tMsTUr8nh1wc=",
      "optional": true
    },
    "source-map": {
      "version": "0.6.1",
      "resolved": "https://registry.npmjs.org/source-map/-/source-map-0.6.1.tgz",
      "integrity": "sha512-UjgapumWlbMhkBgzT7Ykc5YXUT46F0iKu8SGXq0bcwP5dz/h0Plj6enJqjz1Zbq2l5WaqYnrVbwWOWMyF3F47g==",
      "optional": true
    },
    "string-width": {
      "version": "1.0.2",
      "resolved": "https://registry.npmjs.org/string-width/-/string-width-1.0.2.tgz",
      "integrity": "sha1-EYvfW4zcUaKn5w0hHgfisLmxB9M=",
      "optional": true,
      "requires": {
        "code-point-at": "^1.0.0",
        "is-fullwidth-code-point": "^1.0.0",
        "strip-ansi": "^3.0.0"
      }
    },
    "string_decoder": {
      "version": "1.1.1",
      "resolved": "https://registry.npmjs.org/string_decoder/-/string_decoder-1.1.1.tgz",
      "integrity": "sha512-n/ShnvDi6FHbbVfviro+WojiFzv+s8MPMHBczVePfUpDJLwoLT0ht1l4YwBCbi8pJAveEEdnkHyPyTP/mzRfwg==",
      "optional": true,
      "requires": {
        "safe-buffer": "~5.1.0"
      }
    },
    "strip-ansi": {
      "version": "3.0.1",
      "resolved": "https://registry.npmjs.org/strip-ansi/-/strip-ansi-3.0.1.tgz",
      "integrity": "sha1-ajhfuIU9lS1f8F0Oiq+UJ43GPc8=",
      "optional": true,
      "requires": {
        "ansi-regex": "^2.0.0"
      }
    },
    "strip-json-comments": {
      "version": "2.0.1",
      "resolved": "https://registry.npmjs.org/strip-json-comments/-/strip-json-comments-2.0.1.tgz",
      "integrity": "sha1-PFMZQukIwml8DsNEhYwobHygpgo=",
      "optional": true
    },
    "supports-color": {
      "version": "2.0.0",
      "resolved": "https://registry.npmjs.org/supports-color/-/supports-color-2.0.0.tgz",
      "integrity": "sha1-U10EXOa2Nj+kARcIRimZXp3zJMc=",
      "optional": true
    },
    "timed-out": {
      "version": "3.1.3",
      "resolved": "https://registry.npmjs.org/timed-out/-/timed-out-3.1.3.tgz",
      "integrity": "sha1-lYYL/MXHbCd/j4Mm/Q9bLiDrohc=",
      "optional": true
    },
    "type-check": {
      "version": "0.3.2",
      "resolved": "https://registry.npmjs.org/type-check/-/type-check-0.3.2.tgz",
      "integrity": "sha1-WITKtRLPHTVeP7eE8wgEsrUg23I=",
      "requires": {
        "prelude-ls": "~1.1.2"
      }
    },
    "unzip-response": {
      "version": "1.0.2",
      "resolved": "https://registry.npmjs.org/unzip-response/-/unzip-response-1.0.2.tgz",
      "integrity": "sha1-uYTwh3/AqJwsdzzB73tbIytbBv4=",
      "optional": true
    },
    "update-notifier": {
      "version": "0.6.3",
      "resolved": "https://registry.npmjs.org/update-notifier/-/update-notifier-0.6.3.tgz",
      "integrity": "sha1-d23sjaoT6WKjQeih2YNUMGtnrgg=",
      "optional": true,
      "requires": {
        "boxen": "^0.3.1",
        "chalk": "^1.0.0",
        "configstore": "^2.0.0",
        "is-npm": "^1.0.0",
        "latest-version": "^2.0.0",
        "semver-diff": "^2.0.0"
      }
    },
    "url-parse-lax": {
      "version": "1.0.0",
      "resolved": "https://registry.npmjs.org/url-parse-lax/-/url-parse-lax-1.0.0.tgz",
      "integrity": "sha1-evjzA2Rem9eaJy56FKxovAYJ2nM=",
      "optional": true,
      "requires": {
        "prepend-http": "^1.0.1"
      }
    },
    "util-deprecate": {
      "version": "1.0.2",
      "resolved": "https://registry.npmjs.org/util-deprecate/-/util-deprecate-1.0.2.tgz",
      "integrity": "sha1-RQ1Nyfpw3nMnYvvS1KKJgUGaDM8=",
      "optional": true
    },
    "uuid": {
      "version": "2.0.3",
      "resolved": "https://registry.npmjs.org/uuid/-/uuid-2.0.3.tgz",
      "integrity": "sha1-Z+LoY3lyFVMN/zGOW/nc6/1Hsho=",
      "optional": true
    },
    "vulcanize": {
      "version": "1.14.8",
      "resolved": "https://registry.npmjs.org/vulcanize/-/vulcanize-1.14.8.tgz",
      "integrity": "sha1-PN1vgdm68sV5bd1tLSieRZdQhvc=",
      "requires": {
        "dom5": "^1.3.1",
        "es6-promise": "^2.1.0",
        "hydrolysis": "^1.19.1",
        "nopt": "^3.0.1",
        "path-posix": "^1.0.0",
        "update-notifier": "^0.6.0"
      }
    },
    "web-animations-js": {
      "version": "2.2.2",
      "resolved": "https://registry.npmjs.org/web-animations-js/-/web-animations-js-2.2.2.tgz",
      "integrity": "sha1-fDqlOCxerecM0gaIDVajeGljBjg="
    },
    "webcomponents.js": {
      "version": "0.7.24",
      "resolved": "https://registry.npmjs.org/webcomponents.js/-/webcomponents.js-0.7.24.tgz",
      "integrity": "sha1-IRb7+hRo7EFqe+/aozPh0Rj2nAQ="
    },
    "widest-line": {
      "version": "1.0.0",
      "resolved": "https://registry.npmjs.org/widest-line/-/widest-line-1.0.0.tgz",
      "integrity": "sha1-DAnIXCqUaD0Nfq+O4JfVZL8OEFw=",
      "optional": true,
      "requires": {
        "string-width": "^1.0.1"
      }
    },
    "word-wrap": {
      "version": "1.2.3",
      "resolved": "https://registry.npmjs.org/word-wrap/-/word-wrap-1.2.3.tgz",
      "integrity": "sha512-Hz/mrNwitNRh/HUAtM/VT/5VH+ygD6DV7mYKZAtHOrbs8U7lvPS6xf7EJKMF0uW1KJCl0H701g3ZGus+muE5vQ=="
    },
    "write-file-atomic": {
      "version": "1.3.4",
      "resolved": "https://registry.npmjs.org/write-file-atomic/-/write-file-atomic-1.3.4.tgz",
      "integrity": "sha1-+Aek8LHZ6ROuekgRLmzDrxmRtF8=",
      "optional": true,
      "requires": {
        "graceful-fs": "^4.1.11",
        "imurmurhash": "^0.1.4",
        "slide": "^1.1.5"
      }
    },
    "xdg-basedir": {
      "version": "2.0.0",
      "resolved": "https://registry.npmjs.org/xdg-basedir/-/xdg-basedir-2.0.0.tgz",
      "integrity": "sha1-7byQPMOF/ARSPZZqM1UEtVBNG9I=",
      "optional": true,
      "requires": {
        "os-homedir": "^1.0.0"
      }
    }
  }
}
