# THIS IS AN AUTOGENERATED FILE. DO NOT EDIT THIS FILE DIRECTLY.
# yarn lockfile v1


"@polymer/font-roboto@0.0.3", "@polymer/font-roboto@^0.0.3":
  version "0.0.3"
  resolved "https://registry.yarnpkg.com/@polymer/font-roboto/-/font-roboto-0.0.3.tgz#9d58edb660bbed2d4bd29d3bf9b21c20bddd6187"

"@polymer/iron-a11y-announcer@0.0.3", "@polymer/iron-a11y-announcer@^0.0.3":
  version "0.0.3"
  resolved "https://registry.yarnpkg.com/@polymer/iron-a11y-announcer/-/iron-a11y-announcer-0.0.3.tgz#12623db4c809eb7d004eee6458ef07e7b5500e71"
  dependencies:
    "@polymer/polymer" "^1.2.5-npm-test.2"

"@polymer/iron-a11y-keys-behavior@0.0.3", "@polymer/iron-a11y-keys-behavior@^0.0.3":
  version "0.0.3"
  resolved "https://registry.yarnpkg.com/@polymer/iron-a11y-keys-behavior/-/iron-a11y-keys-behavior-0.0.3.tgz#82a9c535d01ae94cb33d9c071a9a543ebc2044c0"
  dependencies:
    "@polymer/polymer" "^1.2.5-npm-test.2"

"@polymer/iron-autogrow-textarea@^0.0.3":
  version "0.0.3"
  resolved "https://registry.yarnpkg.com/@polymer/iron-autogrow-textarea/-/iron-autogrow-textarea-0.0.3.tgz#f1ea1444309f31634fe45ccfcfe376b83ecfd28a"
  dependencies:
    "@polymer/iron-behaviors" "^0.0.3"
    "@polymer/iron-flex-layout" "^0.0.3"
    "@polymer/iron-form-element-behavior" "^0.0.3"
    "@polymer/iron-validatable-behavior" "^0.0.3"
    "@polymer/polymer" "^1.2.5-npm-test.2"

"@polymer/iron-behaviors@0.0.3", "@polymer/iron-behaviors@^0.0.3":
  version "0.0.3"
  resolved "https://registry.yarnpkg.com/@polymer/iron-behaviors/-/iron-behaviors-0.0.3.tgz#027484885ddb924f99fa8083dfba810e39d2671b"
  dependencies:
    "@polymer/iron-a11y-keys-behavior" "^0.0.3"
    "@polymer/polymer" "^1.2.5-npm-test.2"

"@polymer/iron-checked-element-behavior@^0.0.3":
  version "0.0.3"
  resolved "https://registry.yarnpkg.com/@polymer/iron-checked-element-behavior/-/iron-checked-element-behavior-0.0.3.tgz#1e78b6a76751495350d51d9caaaf6c0f7f74bd7a"
  dependencies:
    "@polymer/iron-form-element-behavior" "^0.0.3"
    "@polymer/iron-validatable-behavior" "^0.0.3"
    "@polymer/polymer" "^1.2.5-npm-test.2"

"@polymer/iron-collapse@^0.0.3":
  version "0.0.3"
  resolved "https://registry.yarnpkg.com/@polymer/iron-collapse/-/iron-collapse-0.0.3.tgz#7e01a4ac79ce201e7d62bc2e34d4c36f08812fc2"
  dependencies:
    "@polymer/iron-resizable-behavior" "^0.0.3"
    "@polymer/polymer" "^1.2.5-npm-test.2"

"@polymer/iron-dropdown@0.0.3", "@polymer/iron-dropdown@^0.0.3":
  version "0.0.3"
  resolved "https://registry.yarnpkg.com/@polymer/iron-dropdown/-/iron-dropdown-0.0.3.tgz#ade1c67b8cb93465b6235f32b1755fec1b8147b2"
  dependencies:
    "@polymer/iron-a11y-keys-behavior" "^0.0.3"
    "@polymer/iron-behaviors" "^0.0.3"
    "@polymer/iron-overlay-behavior" "^0.0.3"
    "@polymer/iron-resizable-behavior" "^0.0.3"
    "@polymer/neon-animation" "^0.0.3"
    "@polymer/polymer" "^1.2.5-npm-test.2"

"@polymer/iron-fit-behavior@0.0.3", "@polymer/iron-fit-behavior@^0.0.3":
  version "0.0.3"
  resolved "https://registry.yarnpkg.com/@polymer/iron-fit-behavior/-/iron-fit-behavior-0.0.3.tgz#2d80399e4fabf4b75e081c5f81224ef9bfa98d4c"
  dependencies:
    "@polymer/polymer" "^1.2.5-npm-test.2"

"@polymer/iron-flex-layout@0.0.3", "@polymer/iron-flex-layout@^0.0.3":
  version "0.0.3"
  resolved "https://registry.yarnpkg.com/@polymer/iron-flex-layout/-/iron-flex-layout-0.0.3.tgz#b7d7a732b1cbadfe6aa9500ca06f40d02578baf7"
  dependencies:
    "@polymer/polymer" "^1.2.5-npm-test.2"

"@polymer/iron-form-element-behavior@0.0.3", "@polymer/iron-form-element-behavior@^0.0.3":
  version "0.0.3"
  resolved "https://registry.yarnpkg.com/@polymer/iron-form-element-behavior/-/iron-form-element-behavior-0.0.3.tgz#3564a2a51d8ccfdda4193d943d5fd0c12c463759"
  dependencies:
    "@polymer/polymer" "^1.2.5-npm-test.2"

"@polymer/iron-icon@0.0.3", "@polymer/iron-icon@^0.0.3":
  version "0.0.3"
  resolved "https://registry.yarnpkg.com/@polymer/iron-icon/-/iron-icon-0.0.3.tgz#e1b14afed4ad1106ed867d64ef01fe43f9b4e5e7"
  dependencies:
    "@polymer/iron-flex-layout" "^0.0.3"
    "@polymer/iron-meta" "^0.0.3"
    "@polymer/polymer" "^1.2.5-npm-test.2"

"@polymer/iron-icons@0.0.3", "@polymer/iron-icons@^0.0.3":
  version "0.0.3"
  resolved "https://registry.yarnpkg.com/@polymer/iron-icons/-/iron-icons-0.0.3.tgz#d672ab979bdcd4ded8027e8de23e8c51d0c7f4c6"
  dependencies:
    "@polymer/iron-icon" "^0.0.3"
    "@polymer/iron-iconset-svg" "^0.0.3"
    "@polymer/polymer" "^1.2.5-npm-test.2"

"@polymer/iron-iconset-svg@0.0.3", "@polymer/iron-iconset-svg@^0.0.3":
  version "0.0.3"
  resolved "https://registry.yarnpkg.com/@polymer/iron-iconset-svg/-/iron-iconset-svg-0.0.3.tgz#cd4cff5233f8061e3e0d34a65180b9a92085860a"
  dependencies:
    "@polymer/iron-meta" "^0.0.3"
    "@polymer/polymer" "^1.2.5-npm-test.2"

"@polymer/iron-input@0.0.3", "@polymer/iron-input@^0.0.3":
  version "0.0.3"
  resolved "https://registry.yarnpkg.com/@polymer/iron-input/-/iron-input-0.0.3.tgz#e41c8587b251aa510a26f28ca92381ab1457df79"
  dependencies:
    "@polymer/iron-validatable-behavior" "^0.0.3"
    "@polymer/polymer" "^1.2.5-npm-test.2"

"@polymer/iron-menu-behavior@0.0.3", "@polymer/iron-menu-behavior@^0.0.3":
  version "0.0.3"
  resolved "https://registry.yarnpkg.com/@polymer/iron-menu-behavior/-/iron-menu-behavior-0.0.3.tgz#d6491a3b4d1c973cffd8099749dad171f4d73690"
  dependencies:
    "@polymer/iron-a11y-keys-behavior" "^0.0.3"
    "@polymer/iron-selector" "^0.0.3"
    "@polymer/polymer" "^1.2.5-npm-test.2"

"@polymer/iron-meta@0.0.3", "@polymer/iron-meta@^0.0.3":
  version "0.0.3"
  resolved "https://registry.yarnpkg.com/@polymer/iron-meta/-/iron-meta-0.0.3.tgz#a4cec8479bdaec66ff03749a59136f21fde01d70"
  dependencies:
    "@polymer/polymer" "^1.2.5-npm-test.2"

"@polymer/iron-overlay-behavior@0.0.3", "@polymer/iron-overlay-behavior@^0.0.3":
  version "0.0.3"
  resolved "https://registry.yarnpkg.com/@polymer/iron-overlay-behavior/-/iron-overlay-behavior-0.0.3.tgz#4c5cbbb91b9240bb6f824040ce97f617f5ee7756"
  dependencies:
    "@polymer/iron-fit-behavior" "^0.0.3"
    "@polymer/iron-resizable-behavior" "^0.0.3"
    "@polymer/polymer" "^1.2.5-npm-test.2"

"@polymer/iron-resizable-behavior@0.0.3", "@polymer/iron-resizable-behavior@^0.0.3":
  version "0.0.3"
  resolved "https://registry.yarnpkg.com/@polymer/iron-resizable-behavior/-/iron-resizable-behavior-0.0.3.tgz#205470f84070654909a360b533b6599b2d806354"
  dependencies:
    "@polymer/polymer" "^1.2.5-npm-test.2"

"@polymer/iron-selector@0.0.3", "@polymer/iron-selector@^0.0.3":
  version "0.0.3"
  resolved "https://registry.yarnpkg.com/@polymer/iron-selector/-/iron-selector-0.0.3.tgz#cde0bb7b9845ddb3f6dfc93ada147426ccebdfb9"
  dependencies:
    "@polymer/polymer" "^1.2.5-npm-test.2"

"@polymer/iron-validatable-behavior@0.0.3", "@polymer/iron-validatable-behavior@^0.0.3":
  version "0.0.3"
  resolved "https://registry.yarnpkg.com/@polymer/iron-validatable-behavior/-/iron-validatable-behavior-0.0.3.tgz#438747173d2b1d3bc1a08458a55ed31c9b4f192f"
  dependencies:
    "@polymer/iron-meta" "^0.0.3"
    "@polymer/polymer" "^1.2.5-npm-test.2"

"@polymer/neon-animation@0.0.3", "@polymer/neon-animation@^0.0.3":
  version "0.0.3"
  resolved "https://registry.yarnpkg.com/@polymer/neon-animation/-/neon-animation-0.0.3.tgz#93e9eebcdf023c7b42d9a7d7f41fb1934b500b22"
  dependencies:
    "@polymer/iron-meta" "^0.0.3"
    "@polymer/iron-resizable-behavior" "^0.0.3"
    "@polymer/iron-selector" "^0.0.3"
    "@polymer/polymer" "^1.2.5-npm-test.2"
    web-animations-js "2.1.3"

"@polymer/paper-behaviors@0.0.3", "@polymer/paper-behaviors@^0.0.3":
  version "0.0.3"
  resolved "https://registry.yarnpkg.com/@polymer/paper-behaviors/-/paper-behaviors-0.0.3.tgz#79a39b1dc62c067a179efa70c4f34e1fb8de9a6f"
  dependencies:
    "@polymer/iron-behaviors" "^0.0.3"
    "@polymer/iron-checked-element-behavior" "^0.0.3"
    "@polymer/paper-ripple" "^0.0.3"
    "@polymer/polymer" "^1.2.5-npm-test.2"

"@polymer/paper-button@0.0.3":
  version "0.0.3"
  resolved "https://registry.yarnpkg.com/@polymer/paper-button/-/paper-button-0.0.3.tgz#5ff68830b86732a8108be0259b4b673f0a8cc156"
  dependencies:
    "@polymer/iron-flex-layout" "^0.0.3"
    "@polymer/paper-behaviors" "^0.0.3"
    "@polymer/paper-material" "^0.0.3"
    "@polymer/polymer" "^1.2.5-npm-test.2"

"@polymer/paper-dropdown-menu@0.0.3":
  version "0.0.3"
  resolved "https://registry.yarnpkg.com/@polymer/paper-dropdown-menu/-/paper-dropdown-menu-0.0.3.tgz#51f3a0c5382f9ee8d459104dbd21eac31681244c"
  dependencies:
    "@polymer/iron-a11y-keys-behavior" "^0.0.3"
    "@polymer/iron-form-element-behavior" "^0.0.3"
    "@polymer/iron-icon" "^0.0.3"
    "@polymer/iron-icons" "^0.0.3"
    "@polymer/iron-validatable-behavior" "^0.0.3"
    "@polymer/paper-input" "^0.0.3"
    "@polymer/paper-menu-button" "^0.0.3"
    "@polymer/paper-ripple" "^0.0.3"
    "@polymer/paper-styles" "^0.0.3"
    "@polymer/polymer" "^1.2.5-npm-test.2"

"@polymer/paper-input@0.0.3", "@polymer/paper-input@^0.0.3":
  version "0.0.3"
  resolved "https://registry.yarnpkg.com/@polymer/paper-input/-/paper-input-0.0.3.tgz#5bb3efa9063dce78586839c4aeb2eb6cf2c618a2"
  dependencies:
    "@polymer/iron-a11y-keys-behavior" "^0.0.3"
    "@polymer/iron-autogrow-textarea" "^0.0.3"
    "@polymer/iron-behaviors" "^0.0.3"
    "@polymer/iron-form-element-behavior" "^0.0.3"
    "@polymer/iron-input" "^0.0.3"
    "@polymer/paper-styles" "^0.0.3"
    "@polymer/polymer" "^1.2.5-npm-test.2"

"@polymer/paper-item@0.0.3":
  version "0.0.3"
  resolved "https://registry.yarnpkg.com/@polymer/paper-item/-/paper-item-0.0.3.tgz#db20d1f90ae1f6a3a2f5345c1da43457f96a800d"
  dependencies:
    "@polymer/iron-behaviors" "^0.0.3"
    "@polymer/iron-flex-layout" "^0.0.3"
    "@polymer/paper-styles" "^0.0.3"
    "@polymer/polymer" "^1.2.5-npm-test.2"

"@polymer/paper-listbox@0.0.3":
  version "0.0.3"
  resolved "https://registry.yarnpkg.com/@polymer/paper-listbox/-/paper-listbox-0.0.3.tgz#145a68f41a8ffebca5a6a8d47640e113e0ffa591"
  dependencies:
    "@polymer/iron-behaviors" "^0.0.3"
    "@polymer/iron-collapse" "^0.0.3"
    "@polymer/iron-menu-behavior" "^0.0.3"
    "@polymer/paper-styles" "^0.0.3"
    "@polymer/polymer" "^1.2.5-npm-test.2"

"@polymer/paper-material@0.0.3", "@polymer/paper-material@^0.0.3":
  version "0.0.3"
  resolved "https://registry.yarnpkg.com/@polymer/paper-material/-/paper-material-0.0.3.tgz#f15d36e9bda705c2969c70564730a646c02c26c2"
  dependencies:
    "@polymer/paper-styles" "^0.0.3"
    "@polymer/polymer" "^1.2.5-npm-test.2"

"@polymer/paper-menu-button@0.0.3", "@polymer/paper-menu-button@^0.0.3":
  version "0.0.3"
  resolved "https://registry.yarnpkg.com/@polymer/paper-menu-button/-/paper-menu-button-0.0.3.tgz#f41d6c87b7ab983d185f44c4c9733e442262fbcd"
  dependencies:
    "@polymer/iron-a11y-keys-behavior" "^0.0.3"
    "@polymer/iron-behaviors" "^0.0.3"
    "@polymer/iron-dropdown" "^0.0.3"
    "@polymer/neon-animation" "^0.0.3"
    "@polymer/paper-material" "^0.0.3"
    "@polymer/paper-styles" "^0.0.3"
    "@polymer/polymer" "^1.2.5-npm-test.2"

"@polymer/paper-ripple@0.0.3", "@polymer/paper-ripple@^0.0.3":
  version "0.0.3"
  resolved "https://registry.yarnpkg.com/@polymer/paper-ripple/-/paper-ripple-0.0.3.tgz#2b722947a852825233967606cd5fcf590eb7d829"
  dependencies:
    "@polymer/iron-a11y-keys-behavior" "^0.0.3"
    "@polymer/polymer" "^1.2.5-npm-test.2"

"@polymer/paper-styles@0.0.3", "@polymer/paper-styles@^0.0.3":
  version "0.0.3"
  resolved "https://registry.yarnpkg.com/@polymer/paper-styles/-/paper-styles-0.0.3.tgz#b8466a047807d6fc63c24fa71b486c975cc75379"
  dependencies:
    "@polymer/font-roboto" "^0.0.3"
    "@polymer/iron-flex-layout" "^0.0.3"
    "@polymer/polymer" "^1.2.5-npm-test.2"

"@polymer/paper-toast@0.0.3":
  version "0.0.3"
  resolved "https://registry.yarnpkg.com/@polymer/paper-toast/-/paper-toast-0.0.3.tgz#88dbcb6f28cd3dce9d4ec86ae7c31a5e46662ef8"
  dependencies:
    "@polymer/iron-a11y-announcer" "^0.0.3"
    "@polymer/iron-overlay-behavior" "^0.0.3"
    "@polymer/polymer" "^1.2.5-npm-test.2"

"@polymer/paper-toolbar@0.0.3":
  version "0.0.3"
  resolved "https://registry.yarnpkg.com/@polymer/paper-toolbar/-/paper-toolbar-0.0.3.tgz#d627fb4b4b3f5726f3f9d132ca1181c2ebf6cfd5"
  dependencies:
    "@polymer/iron-flex-layout" "^0.0.3"
    "@polymer/paper-styles" "^0.0.3"
    "@polymer/polymer" "^1.2.5-npm-test.2"

"@polymer/polymer@1.2.5-npm-test.2", "@polymer/polymer@^1.2.5-npm-test.2":
  version "1.2.5-npm-test.2"
  resolved "https://registry.yarnpkg.com/@polymer/polymer/-/polymer-1.2.5-npm-test.2.tgz#7930f5663c2f686915451d211e663aa9997d7336"
  dependencies:
    webcomponents.js "^0.7.20"

"@types/clone@^0.1.29":
  version "0.1.30"
  resolved "https://registry.yarnpkg.com/@types/clone/-/clone-0.1.30.tgz#e7365648c1b42136a59c7d5040637b3b5c83b614"

"@types/node@6.0.*":
  version "6.0.111"
  resolved "https://registry.yarnpkg.com/@types/node/-/node-6.0.111.tgz#85f880a1bab78d395a5de9bcb5319e73a0c31400"

"@types/node@^4.0.30":
  version "4.2.23"
  resolved "https://registry.yarnpkg.com/@types/node/-/node-4.2.23.tgz#9241f00d64eb91084f68367746ef10d5fb2f2fc4"

"@types/parse5@^0.0.31":
  version "0.0.31"
  resolved "https://registry.yarnpkg.com/@types/parse5/-/parse5-0.0.31.tgz#e827a493a443b156e1b582a2e4c3bdc0040f2ee7"
  dependencies:
    "@types/node" "6.0.*"

abbrev@1:
  version "1.1.1"
  resolved "https://registry.yarnpkg.com/abbrev/-/abbrev-1.1.1.tgz#f8f2c887ad10bf67f634f005b6987fed3179aac8"

acorn-jsx@^3.0.0:
  version "3.0.1"
  resolved "https://registry.yarnpkg.com/acorn-jsx/-/acorn-jsx-3.0.1.tgz#afdf9488fb1ecefc8348f6fb22f464e32a58b36b"
  dependencies:
    acorn "^3.0.4"

acorn@^3.0.4, acorn@^3.2.0:
  version "3.3.0"
  resolved "https://registry.yarnpkg.com/acorn/-/acorn-3.3.0.tgz#45e37fb39e8da3f25baee3ff5369e2bb5f22017a"

acorn@^5.5.0:
  version "5.5.3"
  resolved "https://registry.yarnpkg.com/acorn/-/acorn-5.5.3.tgz#f473dd47e0277a08e28e9bec5aeeb04751f0b8c9"

ansi-regex@^2.0.0:
  version "2.1.1"
  resolved "https://registry.yarnpkg.com/ansi-regex/-/ansi-regex-2.1.1.tgz#c3b33ab5ee360d86e0e628f0468ae7ef27d654df"

ansi-styles@^2.2.1:
  version "2.2.1"
  resolved "https://registry.yarnpkg.com/ansi-styles/-/ansi-styles-2.2.1.tgz#b432dd3358b634cf75e1e4664368240533c1ddbe"

babel-polyfill@^6.2.0:
  version "6.26.0"
  resolved "https://registry.yarnpkg.com/babel-polyfill/-/babel-polyfill-6.26.0.tgz#379937abc67d7895970adc621f284cd966cf2153"
  dependencies:
    babel-runtime "^6.26.0"
    core-js "^2.5.0"
    regenerator-runtime "^0.10.5"

babel-runtime@^6.26.0:
  version "6.26.0"
  resolved "https://registry.yarnpkg.com/babel-runtime/-/babel-runtime-6.26.0.tgz#965c7058668e82b55d7bfe04ff2337bc8b5647fe"
  dependencies:
    core-js "^2.4.0"
    regenerator-runtime "^0.11.0"

boxen@^0.3.1:
  version "0.3.1"
  resolved "https://registry.yarnpkg.com/boxen/-/boxen-0.3.1.tgz#a7d898243ae622f7abb6bb604d740a76c6a5461b"
  dependencies:
    chalk "^1.1.1"
    filled-array "^1.0.0"
    object-assign "^4.0.1"
    repeating "^2.0.0"
    string-width "^1.0.1"
    widest-line "^1.0.0"

capture-stack-trace@^1.0.0:
  version "1.0.0"
  resolved "https://registry.yarnpkg.com/capture-stack-trace/-/capture-stack-trace-1.0.0.tgz#4a6fa07399c26bba47f0b2496b4d0fb408c5550d"

chalk@^1.0.0, chalk@^1.1.1:
  version "1.1.3"
  resolved "https://registry.yarnpkg.com/chalk/-/chalk-1.1.3.tgz#a8115c55e4a702fe4d150abd3872822a7e09fc98"
  dependencies:
    ansi-styles "^2.2.1"
    escape-string-regexp "^1.0.2"
    has-ansi "^2.0.0"
    strip-ansi "^3.0.0"
    supports-color "^2.0.0"

clone@^1.0.2:
  version "1.0.4"
  resolved "https://registry.yarnpkg.com/clone/-/clone-1.0.4.tgz#da309cc263df15994c688ca902179ca3c7cd7c7e"

code-point-at@^1.0.0:
  version "1.1.0"
  resolved "https://registry.yarnpkg.com/code-point-at/-/code-point-at-1.1.0.tgz#0d070b4d043a5bea33a2f1a40e2edb3d9a4ccf77"

codemirror@5.15.2:
  version "5.15.2"
  resolved "https://registry.yarnpkg.com/codemirror/-/codemirror-5.15.2.tgz#58b3dc732c6d10d7aae806f4c7cdd56a9b87fe8f"

configstore@^2.0.0:
  version "2.1.0"
  resolved "https://registry.yarnpkg.com/configstore/-/configstore-2.1.0.tgz#737a3a7036e9886102aa6099e47bb33ab1aba1a1"
  dependencies:
    dot-prop "^3.0.0"
    graceful-fs "^4.1.2"
    mkdirp "^0.5.0"
    object-assign "^4.0.1"
    os-tmpdir "^1.0.0"
    osenv "^0.1.0"
    uuid "^2.0.1"
    write-file-atomic "^1.1.2"
    xdg-basedir "^2.0.0"

core-js@^2.4.0, core-js@^2.5.0:
  version "2.5.6"
  resolved "https://registry.yarnpkg.com/core-js/-/core-js-2.5.6.tgz#0fe6d45bf3cac3ac364a9d72de7576f4eb221b9d"

core-util-is@~1.0.0:
  version "1.0.2"
  resolved "https://registry.yarnpkg.com/core-util-is/-/core-util-is-1.0.2.tgz#b5fd54220aa2bc5ab57aab7140c940754503c1a7"

create-error-class@^3.0.1:
  version "3.0.2"
  resolved "https://registry.yarnpkg.com/create-error-class/-/create-error-class-3.0.2.tgz#06be7abef947a3f14a30fd610671d401bca8b7b6"
  dependencies:
    capture-stack-trace "^1.0.0"

deep-extend@^0.5.1:
  version "0.5.1"
  resolved "https://registry.yarnpkg.com/deep-extend/-/deep-extend-0.5.1.tgz#b894a9dd90d3023fbf1c55a394fb858eb2066f1f"

deep-is@~0.1.3:
  version "0.1.3"
  resolved "https://registry.yarnpkg.com/deep-is/-/deep-is-0.1.3.tgz#b369d6fb5dbc13eecf524f91b070feedc357cf34"

doctrine@^0.7.0:
  version "0.7.2"
  resolved "https://registry.yarnpkg.com/doctrine/-/doctrine-0.7.2.tgz#7cb860359ba3be90e040b26b729ce4bfa654c523"
  dependencies:
    esutils "^1.1.6"
    isarray "0.0.1"

dom5@1.1.0:
  version "1.1.0"
  resolved "https://registry.yarnpkg.com/dom5/-/dom5-1.1.0.tgz#3a0c7700c083ab4c4d26938a78b0f0c6dcc37794"
  dependencies:
    parse5 "^1.4.1"

dom5@^1.3.1:
  version "1.3.6"
  resolved "https://registry.yarnpkg.com/dom5/-/dom5-1.3.6.tgz#a7088a9fc5f3b08dc9f6eda4c7abaeb241945e0d"
  dependencies:
    "@types/clone" "^0.1.29"
    "@types/node" "^4.0.30"
    "@types/parse5" "^0.0.31"
    clone "^1.0.2"
    parse5 "^1.4.1"

dot-prop@^3.0.0:
  version "3.0.0"
  resolved "https://registry.yarnpkg.com/dot-prop/-/dot-prop-3.0.0.tgz#1b708af094a49c9a0e7dbcad790aba539dac1177"
  dependencies:
    is-obj "^1.0.0"

duplexer2@^0.1.4:
  version "0.1.4"
  resolved "https://registry.yarnpkg.com/duplexer2/-/duplexer2-0.1.4.tgz#8b12dab878c0d69e3e7891051662a32fc6bddcc1"
  dependencies:
    readable-stream "^2.0.2"

error-ex@^1.2.0:
  version "1.3.1"
  resolved "https://registry.yarnpkg.com/error-ex/-/error-ex-1.3.1.tgz#f855a86ce61adc4e8621c3cda21e7a7612c3a8dc"
  dependencies:
    is-arrayish "^0.2.1"

es6-promise@^2.1.0:
  version "2.3.0"
  resolved "https://registry.yarnpkg.com/es6-promise/-/es6-promise-2.3.0.tgz#96edb9f2fdb01995822b263dd8aadab6748181bc"

escape-string-regexp@^1.0.2:
  version "1.0.5"
  resolved "https://registry.yarnpkg.com/escape-string-regexp/-/escape-string-regexp-1.0.5.tgz#1b61c0562190a8dff6ae3bb2cf0200ca130b86d4"

escodegen@^1.7.0:
  version "1.9.1"
  resolved "https://registry.yarnpkg.com/escodegen/-/escodegen-1.9.1.tgz#dbae17ef96c8e4bedb1356f4504fa4cc2f7cb7e2"
  dependencies:
    esprima "^3.1.3"
    estraverse "^4.2.0"
    esutils "^2.0.2"
    optionator "^0.8.1"
  optionalDependencies:
    source-map "~0.6.1"

espree@^3.1.3:
  version "3.5.4"
  resolved "https://registry.yarnpkg.com/espree/-/espree-3.5.4.tgz#b0f447187c8a8bed944b815a660bddf5deb5d1a7"
  dependencies:
    acorn "^5.5.0"
    acorn-jsx "^3.0.0"

esprima@^3.1.3:
  version "3.1.3"
  resolved "https://registry.yarnpkg.com/esprima/-/esprima-3.1.3.tgz#fdca51cee6133895e3c88d535ce49dbff62a4633"

estraverse@^3.1.0:
  version "3.1.0"
  resolved "https://registry.yarnpkg.com/estraverse/-/estraverse-3.1.0.tgz#15e28a446b8b82bc700ccc8b96c78af4da0d6cba"

estraverse@^4.2.0:
  version "4.2.0"
  resolved "https://registry.yarnpkg.com/estraverse/-/estraverse-4.2.0.tgz#0dee3fed31fcd469618ce7342099fc1afa0bdb13"

esutils@^1.1.6:
  version "1.1.6"
  resolved "https://registry.yarnpkg.com/esutils/-/esutils-1.1.6.tgz#c01ccaa9ae4b897c6d0c3e210ae52f3c7a844375"

esutils@^2.0.2:
  version "2.0.2"
  resolved "https://registry.yarnpkg.com/esutils/-/esutils-2.0.2.tgz#0abf4f1caa5bcb1f7a9d8acc6dea4faaa04bac9b"

fast-levenshtein@~2.0.4:
  version "2.0.6"
  resolved "https://registry.yarnpkg.com/fast-levenshtein/-/fast-levenshtein-2.0.6.tgz#3d8a5c66883a16a30ca8643e851f19baa7797917"

filled-array@^1.0.0:
  version "1.1.0"
  resolved "https://registry.yarnpkg.com/filled-array/-/filled-array-1.1.0.tgz#c3c4f6c663b923459a9aa29912d2d031f1507f84"

got@^5.0.0:
  version "5.7.1"
  resolved "https://registry.yarnpkg.com/got/-/got-5.7.1.tgz#5f81635a61e4a6589f180569ea4e381680a51f35"
  dependencies:
    create-error-class "^3.0.1"
    duplexer2 "^0.1.4"
    is-redirect "^1.0.0"
    is-retry-allowed "^1.0.0"
    is-stream "^1.0.0"
    lowercase-keys "^1.0.0"
    node-status-codes "^1.0.0"
    object-assign "^4.0.1"
    parse-json "^2.1.0"
    pinkie-promise "^2.0.0"
    read-all-stream "^3.0.0"
    readable-stream "^2.0.5"
    timed-out "^3.0.0"
    unzip-response "^1.0.2"
    url-parse-lax "^1.0.0"

graceful-fs@^4.1.11, graceful-fs@^4.1.2:
  version "4.1.11"
  resolved "https://registry.yarnpkg.com/graceful-fs/-/graceful-fs-4.1.11.tgz#0e8bdfe4d1ddb8854d64e04ea7c00e2a026e5658"

has-ansi@^2.0.0:
  version "2.0.0"
  resolved "https://registry.yarnpkg.com/has-ansi/-/has-ansi-2.0.0.tgz#34f5049ce1ecdf2b0649af3ef24e45ed35416d91"
  dependencies:
    ansi-regex "^2.0.0"

hydrolysis@^1.19.1:
  version "1.25.0"
  resolved "https://registry.yarnpkg.com/hydrolysis/-/hydrolysis-1.25.0.tgz#a4fb14a37a1e03b0db52d8aaa57c682272a14d84"
  dependencies:
    acorn "^3.2.0"
    babel-polyfill "^6.2.0"
    doctrine "^0.7.0"
    dom5 "1.1.0"
    escodegen "^1.7.0"
    espree "^3.1.3"
    estraverse "^3.1.0"
    path-is-absolute "^1.0.0"

imurmurhash@^0.1.4:
  version "0.1.4"
  resolved "https://registry.yarnpkg.com/imurmurhash/-/imurmurhash-0.1.4.tgz#9218b9b2b928a238b13dc4fb6b6d576f231453ea"

inherits@~2.0.3:
  version "2.0.3"
  resolved "https://registry.yarnpkg.com/inherits/-/inherits-2.0.3.tgz#633c2c83e3da42a502f52466022480f4208261de"

ini@~1.3.0:
  version "1.3.5"
  resolved "https://registry.yarnpkg.com/ini/-/ini-1.3.5.tgz#eee25f56db1c9ec6085e0c22778083f596abf927"

is-arrayish@^0.2.1:
  version "0.2.1"
  resolved "https://registry.yarnpkg.com/is-arrayish/-/is-arrayish-0.2.1.tgz#77c99840527aa8ecb1a8ba697b80645a7a926a9d"

is-finite@^1.0.0:
  version "1.0.2"
  resolved "https://registry.yarnpkg.com/is-finite/-/is-finite-1.0.2.tgz#cc6677695602be550ef11e8b4aa6305342b6d0aa"
  dependencies:
    number-is-nan "^1.0.0"

is-fullwidth-code-point@^1.0.0:
  version "1.0.0"
  resolved "https://registry.yarnpkg.com/is-fullwidth-code-point/-/is-fullwidth-code-point-1.0.0.tgz#ef9e31386f031a7f0d643af82fde50c457ef00cb"
  dependencies:
    number-is-nan "^1.0.0"

is-npm@^1.0.0:
  version "1.0.0"
  resolved "https://registry.yarnpkg.com/is-npm/-/is-npm-1.0.0.tgz#f2fb63a65e4905b406c86072765a1a4dc793b9f4"

is-obj@^1.0.0:
  version "1.0.1"
  resolved "https://registry.yarnpkg.com/is-obj/-/is-obj-1.0.1.tgz#3e4729ac1f5fde025cd7d83a896dab9f4f67db0f"

is-redirect@^1.0.0:
  version "1.0.0"
  resolved "https://registry.yarnpkg.com/is-redirect/-/is-redirect-1.0.0.tgz#1d03dded53bd8db0f30c26e4f95d36fc7c87dc24"

is-retry-allowed@^1.0.0:
  version "1.1.0"
  resolved "https://registry.yarnpkg.com/is-retry-allowed/-/is-retry-allowed-1.1.0.tgz#11a060568b67339444033d0125a61a20d564fb34"

is-stream@^1.0.0:
  version "1.1.0"
  resolved "https://registry.yarnpkg.com/is-stream/-/is-stream-1.1.0.tgz#12d4a3dd4e68e0b79ceb8dbc84173ae80d91ca44"

isarray@0.0.1:
  version "0.0.1"
  resolved "https://registry.yarnpkg.com/isarray/-/isarray-0.0.1.tgz#8a18acfca9a8f4177e09abfc6038939b05d1eedf"

isarray@~1.0.0:
  version "1.0.0"
  resolved "https://registry.yarnpkg.com/isarray/-/isarray-1.0.0.tgz#bb935d48582cba168c06834957a54a3e07124f11"

latest-version@^2.0.0:
  version "2.0.0"
  resolved "https://registry.yarnpkg.com/latest-version/-/latest-version-2.0.0.tgz#56f8d6139620847b8017f8f1f4d78e211324168b"
  dependencies:
    package-json "^2.0.0"

levn@~0.3.0:
  version "0.3.0"
  resolved "https://registry.yarnpkg.com/levn/-/levn-0.3.0.tgz#3b09924edf9f083c0490fdd4c0bc4421e04764ee"
  dependencies:
    prelude-ls "~1.1.2"
    type-check "~0.3.2"

lowercase-keys@^1.0.0:
  version "1.0.1"
  resolved "https://registry.yarnpkg.com/lowercase-keys/-/lowercase-keys-1.0.1.tgz#6f9e30b47084d971a7c820ff15a6c5167b74c26f"

minimist@0.0.8:
  version "0.0.8"
  resolved "https://registry.yarnpkg.com/minimist/-/minimist-0.0.8.tgz#857fcabfc3397d2625b8228262e86aa7a011b05d"

minimist@^1.2.0:
  version "1.2.0"
  resolved "https://registry.yarnpkg.com/minimist/-/minimist-1.2.0.tgz#a35008b20f41383eec1fb914f4cd5df79a264284"

mkdirp@^0.5.0:
  version "0.5.1"
  resolved "https://registry.yarnpkg.com/mkdirp/-/mkdirp-0.5.1.tgz#30057438eac6cf7f8c4767f38648d6697d75c903"
  dependencies:
    minimist "0.0.8"

node-status-codes@^1.0.0:
  version "1.0.0"
  resolved "https://registry.yarnpkg.com/node-status-codes/-/node-status-codes-1.0.0.tgz#5ae5541d024645d32a58fcddc9ceecea7ae3ac2f"

nopt@^3.0.1:
  version "3.0.6"
  resolved "https://registry.yarnpkg.com/nopt/-/nopt-3.0.6.tgz#c6465dbf08abcd4db359317f79ac68a646b28ff9"
  dependencies:
    abbrev "1"

number-is-nan@^1.0.0:
  version "1.0.1"
  resolved "https://registry.yarnpkg.com/number-is-nan/-/number-is-nan-1.0.1.tgz#097b602b53422a522c1afb8790318336941a011d"

object-assign@^4.0.1:
  version "4.1.1"
  resolved "https://registry.yarnpkg.com/object-assign/-/object-assign-4.1.1.tgz#2109adc7965887cfc05cbbd442cac8bfbb360863"

optionator@^0.8.1:
  version "0.8.2"
  resolved "https://registry.yarnpkg.com/optionator/-/optionator-0.8.2.tgz#364c5e409d3f4d6301d6c0b4c05bba50180aeb64"
  dependencies:
    deep-is "~0.1.3"
    fast-levenshtein "~2.0.4"
    levn "~0.3.0"
    prelude-ls "~1.1.2"
    type-check "~0.3.2"
    wordwrap "~1.0.0"

os-homedir@^1.0.0:
  version "1.0.2"
  resolved "https://registry.yarnpkg.com/os-homedir/-/os-homedir-1.0.2.tgz#ffbc4988336e0e833de0c168c7ef152121aa7fb3"

os-tmpdir@^1.0.0:
  version "1.0.2"
  resolved "https://registry.yarnpkg.com/os-tmpdir/-/os-tmpdir-1.0.2.tgz#bbe67406c79aa85c5cfec766fe5734555dfa1274"

osenv@^0.1.0:
  version "0.1.5"
  resolved "https://registry.yarnpkg.com/osenv/-/osenv-0.1.5.tgz#85cdfafaeb28e8677f416e287592b5f3f49ea410"
  dependencies:
    os-homedir "^1.0.0"
    os-tmpdir "^1.0.0"

package-json@^2.0.0:
  version "2.4.0"
  resolved "https://registry.yarnpkg.com/package-json/-/package-json-2.4.0.tgz#0d15bd67d1cbbddbb2ca222ff2edb86bcb31a8bb"
  dependencies:
    got "^5.0.0"
    registry-auth-token "^3.0.1"
    registry-url "^3.0.3"
    semver "^5.1.0"

parse-json@^2.1.0:
  version "2.2.0"
  resolved "https://registry.yarnpkg.com/parse-json/-/parse-json-2.2.0.tgz#f480f40434ef80741f8469099f8dea18f55a4dc9"
  dependencies:
    error-ex "^1.2.0"

parse5@^1.4.1:
  version "1.5.1"
  resolved "https://registry.yarnpkg.com/parse5/-/parse5-1.5.1.tgz#9b7f3b0de32be78dc2401b17573ccaf0f6f59d94"

path-is-absolute@^1.0.0:
  version "1.0.1"
  resolved "https://registry.yarnpkg.com/path-is-absolute/-/path-is-absolute-1.0.1.tgz#174b9268735534ffbc7ace6bf53a5a9e1b5c5f5f"

path-posix@^1.0.0:
  version "1.0.0"
  resolved "https://registry.yarnpkg.com/path-posix/-/path-posix-1.0.0.tgz#06b26113f56beab042545a23bfa88003ccac260f"

pinkie-promise@^2.0.0:
  version "2.0.1"
  resolved "https://registry.yarnpkg.com/pinkie-promise/-/pinkie-promise-2.0.1.tgz#2135d6dfa7a358c069ac9b178776288228450ffa"
  dependencies:
    pinkie "^2.0.0"

pinkie@^2.0.0:
  version "2.0.4"
  resolved "https://registry.yarnpkg.com/pinkie/-/pinkie-2.0.4.tgz#72556b80cfa0d48a974e80e77248e80ed4f7f870"

prelude-ls@~1.1.2:
  version "1.1.2"
  resolved "https://registry.yarnpkg.com/prelude-ls/-/prelude-ls-1.1.2.tgz#21932a549f5e52ffd9a827f570e04be62a97da54"

prepend-http@^1.0.1:
  version "1.0.4"
  resolved "https://registry.yarnpkg.com/prepend-http/-/prepend-http-1.0.4.tgz#d4f4562b0ce3696e41ac52d0e002e57a635dc6dc"

process-nextick-args@~2.0.0:
  version "2.0.0"
  resolved "https://registry.yarnpkg.com/process-nextick-args/-/process-nextick-args-2.0.0.tgz#a37d732f4271b4ab1ad070d35508e8290788ffaa"

rc@^1.0.1, rc@^1.1.6:
  version "1.2.7"
  resolved "https://registry.yarnpkg.com/rc/-/rc-1.2.7.tgz#8a10ca30d588d00464360372b890d06dacd02297"
  dependencies:
    deep-extend "^0.5.1"
    ini "~1.3.0"
    minimist "^1.2.0"
    strip-json-comments "~2.0.1"

read-all-stream@^3.0.0:
  version "3.1.0"
  resolved "https://registry.yarnpkg.com/read-all-stream/-/read-all-stream-3.1.0.tgz#35c3e177f2078ef789ee4bfafa4373074eaef4fa"
  dependencies:
    pinkie-promise "^2.0.0"
    readable-stream "^2.0.0"

readable-stream@^2.0.0, readable-stream@^2.0.2, readable-stream@^2.0.5:
  version "2.3.6"
  resolved "https://registry.yarnpkg.com/readable-stream/-/readable-stream-2.3.6.tgz#b11c27d88b8ff1fbe070643cf94b0c79ae1b0aaf"
  dependencies:
    core-util-is "~1.0.0"
    inherits "~2.0.3"
    isarray "~1.0.0"
    process-nextick-args "~2.0.0"
    safe-buffer "~5.1.1"
    string_decoder "~1.1.1"
    util-deprecate "~1.0.1"

regenerator-runtime@^0.10.5:
  version "0.10.5"
  resolved "https://registry.yarnpkg.com/regenerator-runtime/-/regenerator-runtime-0.10.5.tgz#336c3efc1220adcedda2c9fab67b5a7955a33658"

regenerator-runtime@^0.11.0:
  version "0.11.1"
  resolved "https://registry.yarnpkg.com/regenerator-runtime/-/regenerator-runtime-0.11.1.tgz#be05ad7f9bf7d22e056f9726cee5017fbf19e2e9"

registry-auth-token@^3.0.1:
  version "3.3.2"
  resolved "https://registry.yarnpkg.com/registry-auth-token/-/registry-auth-token-3.3.2.tgz#851fd49038eecb586911115af845260eec983f20"
  dependencies:
    rc "^1.1.6"
    safe-buffer "^5.0.1"

registry-url@^3.0.3:
  version "3.1.0"
  resolved "https://registry.yarnpkg.com/registry-url/-/registry-url-3.1.0.tgz#3d4ef870f73dde1d77f0cf9a381432444e174942"
  dependencies:
    rc "^1.0.1"

repeating@^2.0.0:
  version "2.0.1"
  resolved "https://registry.yarnpkg.com/repeating/-/repeating-2.0.1.tgz#5214c53a926d3552707527fbab415dbc08d06dda"
  dependencies:
    is-finite "^1.0.0"

safe-buffer@^5.0.1, safe-buffer@~5.1.0, safe-buffer@~5.1.1:
  version "5.1.2"
  resolved "https://registry.yarnpkg.com/safe-buffer/-/safe-buffer-5.1.2.tgz#991ec69d296e0313747d59bdfd2b745c35f8828d"

semver-diff@^2.0.0:
  version "2.1.0"
  resolved "https://registry.yarnpkg.com/semver-diff/-/semver-diff-2.1.0.tgz#4bbb8437c8d37e4b0cf1a68fd726ec6d645d6d36"
  dependencies:
    semver "^5.0.3"

semver@^5.0.3, semver@^5.1.0:
  version "5.5.0"
  resolved "https://registry.yarnpkg.com/semver/-/semver-5.5.0.tgz#dc4bbc7a6ca9d916dee5d43516f0092b58f7b8ab"

slide@^1.1.5:
  version "1.1.6"
  resolved "https://registry.yarnpkg.com/slide/-/slide-1.1.6.tgz#56eb027d65b4d2dce6cb2e2d32c4d4afc9e1d707"

source-map@~0.6.1:
  version "0.6.1"
  resolved "https://registry.yarnpkg.com/source-map/-/source-map-0.6.1.tgz#74722af32e9614e9c287a8d0bbde48b5e2f1a263"

string-width@^1.0.1:
  version "1.0.2"
  resolved "https://registry.yarnpkg.com/string-width/-/string-width-1.0.2.tgz#118bdf5b8cdc51a2a7e70d211e07e2b0b9b107d3"
  dependencies:
    code-point-at "^1.0.0"
    is-fullwidth-code-point "^1.0.0"
    strip-ansi "^3.0.0"

string_decoder@~1.1.1:
  version "1.1.1"
  resolved "https://registry.yarnpkg.com/string_decoder/-/string_decoder-1.1.1.tgz#9cf1611ba62685d7030ae9e4ba34149c3af03fc8"
  dependencies:
    safe-buffer "~5.1.0"

strip-ansi@^3.0.0:
  version "3.0.1"
  resolved "https://registry.yarnpkg.com/strip-ansi/-/strip-ansi-3.0.1.tgz#6a385fb8853d952d5ff05d0e8aaf94278dc63dcf"
  dependencies:
    ansi-regex "^2.0.0"

strip-json-comments@~2.0.1:
  version "2.0.1"
  resolved "https://registry.yarnpkg.com/strip-json-comments/-/strip-json-comments-2.0.1.tgz#3c531942e908c2697c0ec344858c286c7ca0a60a"

supports-color@^2.0.0:
  version "2.0.0"
  resolved "https://registry.yarnpkg.com/supports-color/-/supports-color-2.0.0.tgz#535d045ce6b6363fa40117084629995e9df324c7"

timed-out@^3.0.0:
  version "3.1.3"
  resolved "https://registry.yarnpkg.com/timed-out/-/timed-out-3.1.3.tgz#95860bfcc5c76c277f8f8326fd0f5b2e20eba217"

type-check@~0.3.2:
  version "0.3.2"
  resolved "https://registry.yarnpkg.com/type-check/-/type-check-0.3.2.tgz#5884cab512cf1d355e3fb784f30804b2b520db72"
  dependencies:
    prelude-ls "~1.1.2"

unzip-response@^1.0.2:
  version "1.0.2"
  resolved "https://registry.yarnpkg.com/unzip-response/-/unzip-response-1.0.2.tgz#b984f0877fc0a89c2c773cc1ef7b5b232b5b06fe"

update-notifier@^0.6.0:
  version "0.6.3"
  resolved "https://registry.yarnpkg.com/update-notifier/-/update-notifier-0.6.3.tgz#776dec8daa13e962a341e8a1d98354306b67ae08"
  dependencies:
    boxen "^0.3.1"
    chalk "^1.0.0"
    configstore "^2.0.0"
    is-npm "^1.0.0"
    latest-version "^2.0.0"
    semver-diff "^2.0.0"

url-parse-lax@^1.0.0:
  version "1.0.0"
  resolved "https://registry.yarnpkg.com/url-parse-lax/-/url-parse-lax-1.0.0.tgz#7af8f303645e9bd79a272e7a14ac68bc0609da73"
  dependencies:
    prepend-http "^1.0.1"

util-deprecate@~1.0.1:
  version "1.0.2"
  resolved "https://registry.yarnpkg.com/util-deprecate/-/util-deprecate-1.0.2.tgz#450d4dc9fa70de732762fbd2d4a28981419a0ccf"

uuid@^2.0.1:
  version "2.0.3"
  resolved "https://registry.yarnpkg.com/uuid/-/uuid-2.0.3.tgz#67e2e863797215530dff318e5bf9dcebfd47b21a"

vulcanize@1.14.8:
  version "1.14.8"
  resolved "https://registry.yarnpkg.com/vulcanize/-/vulcanize-1.14.8.tgz#3cdd6f81d9baf2c5796ddd6d2d289e45975086f7"
  dependencies:
    dom5 "^1.3.1"
    es6-promise "^2.1.0"
    hydrolysis "^1.19.1"
    nopt "^3.0.1"
    path-posix "^1.0.0"
  optionalDependencies:
    update-notifier "^0.6.0"

web-animations-js@2.1.3:
  version "2.1.3"
  resolved "https://registry.yarnpkg.com/web-animations-js/-/web-animations-js-2.1.3.tgz#fb3fc56a40a2fb804866386fcf1a414265c48b49"

web-animations-js@2.2.2:
  version "2.2.2"
  resolved "https://registry.yarnpkg.com/web-animations-js/-/web-animations-js-2.2.2.tgz#7c3aa5382c5eade70cd206880d56a37869630638"

webcomponents.js@^0.7.20, webcomponents.js@^0.7.22:
  version "0.7.24"
  resolved "https://registry.yarnpkg.com/webcomponents.js/-/webcomponents.js-0.7.24.tgz#2116fbfa1468ec416a7befdaa333e1d118f69c04"

widest-line@^1.0.0:
  version "1.0.0"
  resolved "https://registry.yarnpkg.com/widest-line/-/widest-line-1.0.0.tgz#0c09c85c2a94683d0d7eaf8ee097d564bf0e105c"
  dependencies:
    string-width "^1.0.1"

wordwrap@~1.0.0:
  version "1.0.0"
  resolved "https://registry.yarnpkg.com/wordwrap/-/wordwrap-1.0.0.tgz#27584810891456a4171c8d0226441ade90cbcaeb"

write-file-atomic@^1.1.2:
  version "1.3.4"
  resolved "https://registry.yarnpkg.com/write-file-atomic/-/write-file-atomic-1.3.4.tgz#f807a4f0b1d9e913ae7a48112e6cc3af1991b45f"
  dependencies:
    graceful-fs "^4.1.11"
    imurmurhash "^0.1.4"
    slide "^1.1.5"

xdg-basedir@^2.0.0:
  version "2.0.0"
  resolved "https://registry.yarnpkg.com/xdg-basedir/-/xdg-basedir-2.0.0.tgz#edbc903cc385fc04523d966a335504b5504d1bd2"
  dependencies:
    os-homedir "^1.0.0"
